schema: '2.0'
stages:
  probe:
    cmd: PYTHONPATH= python pipelines/prepare/example.py
    deps:
    - path: data/example-vis.csv
      md5: 34bc41892c68c131921f4cfe50b329ea
      size: 70952
    - path: pipelines/prepare/example.py
      md5: b4aacfbad13c66e8d293782b54a97b48
      size: 3351
    - path: pipelines/prepare/util.py
      md5: 003a2d89efee9d1805109f74b9de5e42
      size: 774
    outs:
    - path: src/_data/example/bar_chart.csv
      md5: c6d416e01ed2bd456d2f70dc99c4d09f
      size: 347
      isexec: true
    - path: src/_data/example/dashboard.csv
      md5: 676e3bafd16b6548781f1c0b5d2f667f
      size: 719
      isexec: true
    - path: src/_data/example/hex_map.csv
      md5: bf232092c549e43210ee9e529b08e7e8
      size: 152
      isexec: true
    - path: src/_data/example/line_chart.csv
      md5: 868fc49c3d95b4e7485e72a6d24f4d57
      size: 394
      isexec: true
    - path: src/_data/example/stats.json
      md5: 1e98fe25f593f276bd3e92fbbf5996f7
      size: 42
      isexec: true
