schema: '2.0'
stages:
  extract:
    cmd: papermill extract.ipynb ../../data/_working/output/extract.ipynb
    deps:
    - path: extract.ipynb
      hash: md5
      md5: 88ffda05f5b53a5be3373da1b723972e
      size: 1866
    outs:
    - path: 
        ../../data-raw/school-pupils-characteristics/school-pupils-and-their-characteristics.zip
      hash: md5
      md5: 036f4fb44e883f75cbf7995270331538
      size: 45899234
