schema: '2.0'
stages:
  extract:
    cmd: papermill extract.ipynb output/extract.ipynb
    deps:
    - path: extract.ipynb
      hash: md5
      md5: 88ffda05f5b53a5be3373da1b723972e
      size: 1866
    outs:
    - path: 
        ../../data-raw/school-pupils-characteristics/school-pupils-and-their-characteristics.zip
      hash: md5
      md5: a5cb2fe87d659447958920b7316cc08d
      size: 45899234
