schema: '2.0'
stages:
  extract:
    cmd: PYTHONPATH= python pipelines/extract/extract.py
    deps:
    - path: data/lookups
      md5: f8a441059a0be897bbc80d6025b8e74b.dir
      size: 164448
      nfiles: 324
    - path: pipelines/extract/extract.py
      md5: 7c1e24b6378e285078f2b298d68d5cf0
      size: 1439
    - path: pipelines/extract/utils.py
      md5: 562d680abfe95932727d97fcd8bbacdb
      size: 10885
    outs:
    - path: data/csv
      md5: d751713988987e9331980363e24189ce.dir
      size: 0
      nfiles: 0
