schema: '2.0'
stages:
  extract:
    cmd: PYTHONPATH= python pipelines/extract/hbai/extract.py
    deps:
    - path: pipelines/extract/hbai/extract.py
      md5: 8ae9d64e63d6c373e4f3d57c0579e509
      size: 1900
  harvester:
    cmd: PYTHONPATH=pipelines/extract/harvester.py
    deps:
    - path: pipelines/extract/harvester.py
      md5: 1300486fd9fd72333fb75faca26392a8
      size: 113
  harvest:
    cmd: PYTHONPATH= python pipelines/extract/harvester.py
    deps:
    - path: pipelines/extract/harvester.py
      md5: 709bcc39c6f36d531d8dfaf765105a75
      size: 795
