schema: '2.0'
stages:
  transform:
    cmd: papermill transform.ipynb output/transform.ipynb
    deps:
    - path: ../../data/clif/clif_REL.csv
      hash: md5
      md5: 316de9b77ab78697531e257e1b4796e0
      size: 5373056
    - path: ../../data/council-tax-support/council-tax-support.csv
      hash: md5
      md5: 54d688e22c6c85634b7d800c443e246f
      size: 1484585
    - path: ../../data/geo/geography_tree.csv
      hash: md5
      md5: 5b3cd5714f487269a63ef9d581cc77a5
      size: 57831
    - path: ../../data/hbai/by_age_category.csv
      hash: md5
      md5: 57824f96f85e59dbbda9c76fbc3e5780
      size: 147268
    - path: ../../data/hbai/by_savings_and_investments.csv
      hash: md5
      md5: f204974f307acfab38b1e9e7038e1601
      size: 434119
    - path: ../../data/population-estimates/population-estimates.csv
      hash: md5
      md5: 7dd72902748ccb3cbd21d145df1fa2e9
      size: 11866279
    - path: geo.py
      hash: md5
      md5: a85d697922d85f56cc2aa2a94d64716e
      size: 2893
    - path: params.py
      hash: md5
      md5: d4297ca94afcb930b25e1a0aca7cb029
      size: 162
    - path: places.yaml
      hash: md5
      md5: 4cc762ec55f3b34b4232e67a9c63fe15
      size: 19740
    - path: transform.ipynb
      hash: md5
      md5: b3764869b92b2ff9b1aa9049f04b0c79
      size: 94587
    outs:
    - path: ../../data/interim/place_data.json
      hash: md5
      md5: 48aa69b102791b9bfaa6f01da659dc1b
      size: 1499716
      isexec: true
    - path: ../../data/interim/place_data.parquet
      hash: md5
      md5: 4b9fef4811ed02a1a7281c99634542e2
      size: 155991
      isexec: true
  transform-geojson:
    cmd: papermill geojson.ipynb output/geojson.ipynb
    deps:
    - path: ../../data/geo/cauth22.geojson
      hash: md5
      md5: e66ff77855f2f73178620a9cf6c5bc4c
      size: 19880
    - path: ../../data/geo/cty22.geojson
      hash: md5
      md5: 99b9d868600d7a34e30cc242cb7b1eb6
      size: 16986
    - path: ../../data/geo/lad22.geojson
      hash: md5
      md5: 2178172030185862c396652fa86c0ed1
      size: 88054
    - path: ../../data/geo/panrgn22.geojson
      hash: md5
      md5: a900de22222959623905b921879f57f3
      size: 16719
    - path: ../../data/geo/rgn22.geojson
      hash: md5
      md5: 6295a45adee209c39e3b34442cbb1814
      size: 28694
    - path: ../../data/geo/wd22.geojson
      hash: md5
      md5: 52b14cc60bba5971a5c951cbd8fc1542
      size: 962163
    - path: geojson.ipynb
      hash: md5
      md5: e3518f2315a1656ee971d8125efae8f2
      size: 5685
    - path: loaders.py
      hash: md5
      md5: 43f8efddfa9034cf6397c68120a53242
      size: 589
    - path: params.py
      hash: md5
      md5: d4297ca94afcb930b25e1a0aca7cb029
      size: 162
    outs:
    - path: ../../data/interim/shapes.parquet
      hash: md5
      md5: e273cc16c7db86803619205897fe4599
      size: 514139
      isexec: true
  generate-list:
    cmd: python generate-list.py
    deps:
    - path: ../../data/interim/shapes.parquet
      hash: md5
      md5: e273cc16c7db86803619205897fe4599
      size: 514139
    - path: generate-list.py
      hash: md5
      md5: e2d487a67eb7be49813bb0c7970d3a3c
      size: 304
    - path: params.py
      hash: md5
      md5: d4297ca94afcb930b25e1a0aca7cb029
      size: 162
    outs:
    - path: places.yaml
      hash: md5
      md5: 4cc762ec55f3b34b4232e67a9c63fe15
      size: 19740
      isexec: true
  prepare-batch:
    cmd: python batch.py
    deps:
    - path: ../../data/interim/place_data.parquet
      hash: md5
      md5: 4b9fef4811ed02a1a7281c99634542e2
      size: 155991
    - path: ../../data/interim/shapes.parquet
      hash: md5
      md5: e273cc16c7db86803619205897fe4599
      size: 514139
    - path: batch.py
      hash: md5
      md5: 83896a2057720dac60958cf8bcf26985
      size: 523
    - path: params.py
      hash: md5
      md5: d4297ca94afcb930b25e1a0aca7cb029
      size: 162
    - path: places.yaml
      hash: md5
      md5: 4cc762ec55f3b34b4232e67a9c63fe15
      size: 19740
    - path: prepare.py
      hash: md5
      md5: 84effd883777f79299e7a8f9ce4690d4
      size: 2048
    outs:
    - path: ../../src/_data/place/
      hash: md5
      md5: 3e91c38063aa38a77dcff9d8d474f4fe.dir
      size: 2434279
      nfiles: 3290
