schema: '2.0'
stages:
  transform:
    cmd: papermill transform.ipynb output/transform.ipynb
    deps:
    - path: ../../data/clif/clif_REL.csv
      hash: md5
      md5: 5f170525de60d7e2e144497b42a9ce7e
      size: 5129408
    - path: ../../data/council-tax-support/council-tax-support.csv
      hash: md5
      md5: 54d688e22c6c85634b7d800c443e246f
      size: 1484585
    - path: ../../data/geo/geography_tree.csv
      hash: md5
      md5: 5b3cd5714f487269a63ef9d581cc77a5
      size: 57831
    - path: ../../data/population-estimates/population-estimates.csv
      hash: md5
      md5: 1ca9a4cd3dec1d4fd0f2388fb2dfc9ed
      size: 671677
    - path: geo.py
      hash: md5
      md5: 0d40dac8d468366f0976aa5114675d05
      size: 2949
    - path: params.py
      hash: md5
      md5: cda61f98af8f1938c249423c819e2a1e
      size: 122
    - path: places.yaml
      hash: md5
      md5: 4cc762ec55f3b34b4232e67a9c63fe15
      size: 19740
    - path: transform.ipynb
      hash: md5
      md5: 76e29ab138977b7f9e2b70166a30fa5b
      size: 2998
    outs:
    - path: ../../data/interim/place_data.json
      hash: md5
      md5: 80a3c48612a19797391c97144ff0464c
      size: 565954
    - path: ../../data/interim/place_data.parquet
      hash: md5
      md5: a1c542e17de389e6ddc66d94325c9556
      size: 76493
  transform-geojson:
    cmd: papermill geojson.ipynb output/geojson.ipynb
    deps:
    - path: ../../data/geo/cauth22.geojson
      hash: md5
      md5: e66ff77855f2f73178620a9cf6c5bc4c
      size: 19880
    - path: ../../data/geo/cty22.geojson
      hash: md5
      md5: 99b9d868600d7a34e30cc242cb7b1eb6
      size: 16986
    - path: ../../data/geo/lad22.geojson
      hash: md5
      md5: 2178172030185862c396652fa86c0ed1
      size: 88054
    - path: ../../data/geo/panrgn22.geojson
      hash: md5
      md5: a900de22222959623905b921879f57f3
      size: 16719
    - path: ../../data/geo/rgn22.geojson
      hash: md5
      md5: 6295a45adee209c39e3b34442cbb1814
      size: 28694
    - path: ../../data/geo/wd22.geojson
      hash: md5
      md5: 52b14cc60bba5971a5c951cbd8fc1542
      size: 962163
    - path: geojson.ipynb
      hash: md5
      md5: e3518f2315a1656ee971d8125efae8f2
      size: 5685
    - path: loaders.py
      hash: md5
      md5: 43f8efddfa9034cf6397c68120a53242
      size: 589
    - path: params.py
      hash: md5
      md5: cda61f98af8f1938c249423c819e2a1e
      size: 122
    outs:
    - path: ../../data/interim/shapes.parquet
      hash: md5
      md5: c38a063053d64182e5d08d6a519268c1
      size: 514139
  generate-list:
    cmd: python generate-list.py
    deps:
    - path: ../../data/interim/shapes.parquet
      hash: md5
      md5: c38a063053d64182e5d08d6a519268c1
      size: 514139
    - path: generate-list.py
      hash: md5
      md5: e2d487a67eb7be49813bb0c7970d3a3c
      size: 304
    - path: params.py
      hash: md5
      md5: cda61f98af8f1938c249423c819e2a1e
      size: 122
    outs:
    - path: places.yaml
      hash: md5
      md5: 4cc762ec55f3b34b4232e67a9c63fe15
      size: 19740
  prepare-batch:
    cmd: python batch.py
    deps:
    - path: ../../data/interim/place_data.parquet
      hash: md5
      md5: a1c542e17de389e6ddc66d94325c9556
      size: 76493
    - path: ../../data/interim/shapes.parquet
      hash: md5
      md5: c38a063053d64182e5d08d6a519268c1
      size: 514139
    - path: batch.py
      hash: md5
      md5: 3e60fa59e5b6ba12559dfd793becffa8
      size: 330
    - path: params.py
      hash: md5
      md5: cda61f98af8f1938c249423c819e2a1e
      size: 122
    - path: places.yaml
      hash: md5
      md5: 4cc762ec55f3b34b4232e67a9c63fe15
      size: 19740
    - path: prepare.py
      hash: md5
      md5: 6507f08d14192378ee036d66a1095302
      size: 2476
    outs:
    - path: ../../src/place/
      hash: md5
      md5: 3e4c86368c221efe229c67f1f94fe0dc.dir
      size: 2640574
      nfiles: 4936
