schema: '2.0'
stages:
  prepare:
    cmd: papermill prepare.ipynb output/prep-metadata.ipynb
    deps:
    - path: ../../data/
      hash: md5
      md5: cf3911fa66be708d6a73c188f69d15c1.dir
      size: 54610396
      nfiles: 480
    - path: prepare.ipynb
      hash: md5
      md5: d983363d652edbd9f52091aa4eda6bcb
      size: 4119
    outs:
    - path: ../../src/_data/metadata/catalogue.json
      hash: md5
      md5: 11766f2c7c5bf7de59c3cbd4381f0d30
      size: 2587156
