schema: '2.0'
stages:
  prepare:
    cmd: papermill prep-metadata.ipynb output/prep-metadata.ipynb
    deps:
    - path: catalogue.yaml
      hash: md5
      md5: 1df4d20d3d8e929bba3a4774ba055c3f
      size: 5608
    - path: prep-metadata.ipynb
      hash: md5
      md5: 6c751fa51071b28a27a849c34c9a99cc
      size: 19546
    outs:
    - path: ../../src/_data/metadata/catalogue.json
      hash: md5
      md5: c6231d55d6f8b4414f0087b0887b17e5
      size: 2796522
  list:
    cmd: papermill list-metadata.ipynb output/list-metadata.ipynb
    deps:
    - path: ../../data
      hash: md5
      md5: 30892590b7ab969c5735fdeedd21ab3b.dir
      size: 154183353
      nfiles: 510
    - path: list-metadata.ipynb
      hash: md5
      md5: 9e427c966424218870e775708bcf1a40
      size: 6469
    outs:
    - path: catalogue.yaml
      hash: md5
      md5: 1df4d20d3d8e929bba3a4774ba055c3f
      size: 5608
