schema: '2.0'
stages:
  prepare:
    cmd: papermill prep-metadata.ipynb output/prep-metadata.ipynb
    deps:
    - path: ../../data/
      hash: md5
      md5: b90b38ff746d096a8b7ee890fcb3c5d7.dir
      size: 95703242
      nfiles: 498
    - path: prep-metadata.ipynb
      hash: md5
      md5: 5c6c524b7fe29bd64587fc9f2df96227
      size: 7415
    outs:
    - path: ../../src/_data/metadata/catalogue.json
      hash: md5
      md5: e26ab000919d22ebd1a83046870c4028
      size: 2657345
  list:
    cmd: papermill list-metadata.ipynb output/list-metadata.ipynb
    deps:
    - path: list-metadata.ipynb
      hash: md5
      md5: fb8fdc786d2f36b081ac624fb7f352ea
      size: 6424
