schema: '2.0'
stages:
  extract:
    cmd: PYTHONPATH= python pipelines/statxplore/extract.py
    deps:
    - path: data/geo/geography_lookup.csv
      hash: md5
      md5: 30f94e93cbd3128ba0c45febd8000df9
      size: 199535
    - path: pipelines/statxplore/extract.py
      hash: md5
      md5: 03abf6b161b7f083dc90b0fbf0c75ab5
      size: 4837
    - path: pipelines/statxplore/json/data
      hash: md5
      md5: 69a60e87dd4d7baee8f79f2bd64432e5.dir
      size: 74808
      nfiles: 5
    - path: pipelines/statxplore/utils.py
      hash: md5
      md5: 48f06f142dbaf83397c16dbf007376fc
      size: 12247
    outs:
    - path: data/clif
      hash: md5
      md5: d6216316f9a929f295c48728376a4828.dir
      size: 10740566
      nfiles: 2
    - path: data/hbai
      hash: md5
      md5: 7f7420bc5c57a5fae9220c3b9cfc0b16.dir
      size: 427968
      nfiles: 6
  probe:
    cmd: PYTHONPATH= python pipelines/statxplore/probe.py
    deps:
    - path: pipelines/statxplore/probe.py
      hash: md5
      md5: 249162b3e57ab628456b4ed549239105
      size: 1157
    - path: pipelines/statxplore/utils.py
      hash: md5
      md5: 48f06f142dbaf83397c16dbf007376fc
      size: 12247
    outs:
    - path: data/lookups
      md5: 58372dbb6994acbf262b651c7bcfa744.dir
      size: 167521
      nfiles: 324
  describe:
    cmd: PYTHONPATH= python pipelines/statxplore/describe.py
    deps:
    - path: data/lookups
      hash: md5
      md5: 07631856ad5646ef2bd02734e2fcfbae.dir
      size: 272897
      nfiles: 431
    - path: pipelines/statxplore/describe.py
      hash: md5
      md5: f8358e1cd28f95a712f71547d034ce05
      size: 3918
    - path: pipelines/statxplore/utils.py
      hash: md5
      md5: 48f06f142dbaf83397c16dbf007376fc
      size: 12247
    outs:
    - path: pipelines/statxplore/json/metadata
      hash: md5
      md5: c6a03ccd3f3f59941ddde60546ed118d.dir
      size: 18701
      nfiles: 107
