schema: '2.0'
stages:
  extract:
    cmd: python pipelines/statxplore/extract.py
    deps:
    - path: data/geo/geography_lookup.csv
      hash: md5
      md5: b60b26cdf24ceeeb602e765dc700cf97
      size: 197974
    - path: pipelines/statxplore/api.py
      hash: md5
      md5: 2f5c9b83f75c4df852ad970c1cd7ea10
      size: 353
    - path: pipelines/statxplore/extract.py
      hash: md5
      md5: bad9987d841e1590dec9c9d6acf408b0
      size: 4368
    - path: pipelines/statxplore/json/data
      hash: md5
      md5: 4624607a966c7e7f9c581471c7d7ec38.dir
      size: 702245
      nfiles: 8
    outs:
    - path: data/HB/claimants.csv
      hash: md5
      md5: 9257200c933aea270ca87a3c9d9f9454
      size: 3766189
      isexec: true
    - path: data/clif/clif_ABS.csv
      hash: md5
      md5: 77ec46fe27de7f7bcc6f5e76c3618812
      size: 5367510
      isexec: true
    - path: data/clif/clif_REL.csv
      hash: md5
      md5: 316de9b77ab78697531e257e1b4796e0
      size: 5373056
      isexec: true
    - path: data/smi/smi_in_payment_amount.csv
      hash: md5
      md5: 2ff667c2110aa862a738aa5db395ed64
      size: 3721
      isexec: true
    - path: data/smi/smi_loans_in_payment_households.csv
      hash: md5
      md5: 9c67380f3fa50de53598327efcbdb660
      size: 3609
      isexec: true
  extract-hbai:
    cmd: papermill hbai.ipynb ../../data/_working/output/hbai.ipynb
    deps:
    - path: api.py
      hash: md5
      md5: 2f5c9b83f75c4df852ad970c1cd7ea10
      size: 353
    - path: hbai.ipynb
      hash: md5
      md5: f6472d4d49562d8a7151dc6db7d859b3
      size: 38440
    - path: json/data/HBAI.json
      hash: md5
      md5: ced3d671efdbe212638d1b1b0ba83cfc
      size: 667
    outs:
    - path: ../../data/hbai/by_age_category.csv
      hash: md5
      md5: fd40a32887a1c53601034001cf96e131
      size: 56732
      isexec: true
    - path: ../../data/hbai/by_age_of_youngest_child.csv
      hash: md5
      md5: 56b9f80402bbc0da6588eaa7ce9e3f15
      size: 95852
      isexec: true
    - path: ../../data/hbai/by_ethnic_group.csv
      hash: md5
      md5: 19c13a0ea47e790a02b8800d9d630a09
      size: 122942
      isexec: true
    - path: ../../data/hbai/by_marital_status.csv
      hash: md5
      md5: c0f127ea477950848d4d91af13026600
      size: 37240
      isexec: true
    - path: ../../data/hbai/by_number_of_children.csv
      hash: md5
      md5: 4dce3a778301f19fb9303641504412d7
      size: 78544
      isexec: true
    - path: ../../data/hbai/by_savings_and_investments.csv
      hash: md5
      md5: aa8b9f8100817b27bea91246c9312ed2
      size: 172257
      isexec: true
    - path: ../../data/hbai/by_tenure_type.csv
      hash: md5
      md5: 9a82febf2b8651ff5af79f8387ca8491
      size: 65899
      isexec: true
