schema: '2.0'
stages:
  extract:
    cmd: python pipelines/statxplore/extract.py
    deps:
    - path: data/geo/geography_lookup.csv
      hash: md5
      md5: b60b26cdf24ceeeb602e765dc700cf97
      size: 197974
    - path: pipelines/statxplore/api.py
      hash: md5
      md5: 2f5c9b83f75c4df852ad970c1cd7ea10
      size: 353
    - path: pipelines/statxplore/extract.py
      hash: md5
      md5: bad9987d841e1590dec9c9d6acf408b0
      size: 4368
    - path: pipelines/statxplore/json/data
      hash: md5
      md5: 4624607a966c7e7f9c581471c7d7ec38.dir
      size: 702245
      nfiles: 8
    outs:
    - path: data/HB/claimants.csv
      hash: md5
      md5: 9257200c933aea270ca87a3c9d9f9454
      size: 3766189
      isexec: true
    - path: data/clif/clif_ABS.csv
      hash: md5
      md5: 77ec46fe27de7f7bcc6f5e76c3618812
      size: 5367510
      isexec: true
    - path: data/clif/clif_REL.csv
      hash: md5
      md5: 316de9b77ab78697531e257e1b4796e0
      size: 5373056
      isexec: true
    - path: data/smi/smi_in_payment_amount.csv
      hash: md5
      md5: 2ff667c2110aa862a738aa5db395ed64
      size: 3721
      isexec: true
    - path: data/smi/smi_loans_in_payment_households.csv
      hash: md5
      md5: 9c67380f3fa50de53598327efcbdb660
      size: 3609
      isexec: true
  extract-hbai:
    cmd: papermill hbai.ipynb ../../data/_working/output/hbai.ipynb
    deps:
    - path: api.py
      hash: md5
      md5: 2f5c9b83f75c4df852ad970c1cd7ea10
      size: 353
    - path: hbai.ipynb
      hash: md5
      md5: 80d9fc85c0a3cdeaf7d614c04fe6de9d
      size: 40487
    - path: json/data/HBAI.json
      hash: md5
      md5: ced3d671efdbe212638d1b1b0ba83cfc
      size: 667
    outs:
    - path: ../../data/hbai/by_age_category.csv
      hash: md5
      md5: 2d36d5fccf953b3f4570662b37f0dcec
      size: 42615
      isexec: true
    - path: ../../data/hbai/by_age_of_youngest_child.csv
      hash: md5
      md5: 28395be637986fcbd0a04b749dad63e6
      size: 72763
      isexec: true
    - path: ../../data/hbai/by_ethnic_group.csv
      hash: md5
      md5: 981186c38ba474406cdd002477c5a711
      size: 99480
      isexec: true
    - path: ../../data/hbai/by_marital_status.csv
      hash: md5
      md5: bc69f6958769e192f72e52a6585bf2d9
      size: 27677
      isexec: true
    - path: ../../data/hbai/by_number_of_children.csv
      hash: md5
      md5: a751842be6d91e101f74323543dcc017
      size: 60175
      isexec: true
    - path: ../../data/hbai/by_savings_and_investments.csv
      hash: md5
      md5: 20a1d1a44fad3c2b30b24ab42ac30470
      size: 136252
      isexec: true
    - path: ../../data/hbai/by_tenure_type.csv
      hash: md5
      md5: debd5fdb79cd3b61d666ee04ae2cbe40
      size: 52330
      isexec: true
    - path: ../../data/interim/hbai_by_age_category.csv
      hash: md5
      md5: 26da5c7282be4e7c9dacfbdd883976b9
      size: 57624
      isexec: true
    - path: ../../data/interim/hbai_by_ethnic_group.csv
      hash: md5
      md5: bcdfe80d9485e37214f6549977d84149
      size: 127777
      isexec: true
    - path: ../../data/interim/hbai_by_marital_status.csv
      hash: md5
      md5: 9e7275124220df15184c60bfdbf86e5d
      size: 32835
      isexec: true
    - path: ../../data/interim/hbai_savings_investments.csv
      hash: md5
      md5: 8ac67ef41f4a35d7ac2c743bcece0eee
      size: 84570
      isexec: true
