schema: '2.0'
stages:
  transform-fsm:
    cmd: papermill free_school_meals.ipynb ../../../data/_working/output/free_school_meals.ipynb
    deps:
    - path: ../../../data-raw/school-pupils-characteristics/data/spc_pupils_fsm.csv
      hash: md5
      md5: 129f1eb4cbca8c836b693ef36cf29a8d
      size: 8585897
    - path: free_school_meals.ipynb
      hash: md5
      md5: 10221db24d44a76e07fe45c1102241fa
      size: 11323
    outs:
    - path: ../../../data/school-pupils-characteristics/free_school_meals.csv
      hash: md5
      md5: bf75c5d20d8a49c7e11ffb2c95e03aca
      size: 121464
      isexec: true
  unzip:
    cmd: python ../../../pipelines/spotlight/health/unzipper.py
    deps:
    - path: 
        ../../../data-raw/school-pupils-characteristics/school-pupils-and-their-characteristics.zip
      hash: md5
      md5: c340568e43e225d9173adfcd298faaf3
      size: 45899231
    - path: ../../../pipelines/spotlight/health/unzipper.py
      hash: md5
      md5: b7451e628bc49935ecea167ee7204507
      size: 667
    outs:
    - path: ../../../data-raw/school-pupils-characteristics/data-guidance/data-guidance.txt
      hash: md5
      md5: 92884eae32f766c2fb44af3848f239e6
      size: 48322
    - path: ../../../data-raw/school-pupils-characteristics/data/spc_pupils_fsm.csv
      hash: md5
      md5: 129f1eb4cbca8c836b693ef36cf29a8d
      size: 8585897
