schema: '2.0'
stages:
  council-tax-support:
    cmd: "papermill pipelines/notebooks/council-tax-support/council-tax-support.ipynb
      pipelines/outputs/cts-completed-notebook.ipynb -p geography_code E12000003 -p
      geography_type N -p region the_north -p thing council_tax_support -p place src/_data/places/the_north.yml
      -p code_start E12\n"
    deps:
    - path: data/council-tax-support/council-tax-support.csv
      hash: md5
      md5: fd1d83b8a788491ddc4465caea0c9645
      size: 1510297
    - path: pipelines/notebooks/council-tax-support/council-tax-support.ipynb
      hash: md5
      md5: 122af59bab23a6e71df78f175f83b704
      size: 5605
