schema: '2.0'
stages:
  council-tax-support:
    cmd: "papermill pipelines/notebooks/council-tax-support/council-tax-support.ipynb
      pipelines/outputs/cts-completed-notebook.ipynb -p geography_code E12000003 -p
      geography_type N -p region west_yorkshire -p thing council_tax_support -p place
      src/_data/places/E47000003.yml -p code_start E08\n"
    deps:
    - path: data/council-tax-support/council-tax-support.csv
      hash: md5
      md5: fd1d83b8a788491ddc4465caea0c9645
      size: 1510297
    - path: pipelines/notebooks/council-tax-support/council-tax-support.ipynb
      hash: md5
      md5: 51a2295bde64aab2db857ea8b3e37b06
      size: 5604
