schema: '2.0'
stages:
  transform:
    cmd: papermill rental_prices.ipynb ../../../data/_working/output/rental_prices.ipynb
    deps:
    - path: ../../../pipelines/spotlight/housing/rental_prices.ipynb
      hash: md5
      md5: cd2bb8f986d57ce5b11cf92f9ab0a1c9
      size: 1611
    outs:
    - path: ../../../data/rental-prices/most_recent_rental_prices.csv
      hash: md5
      md5: 99c16fc35bb177685d0f9458bb550c60
      size: 19047
      isexec: true
  earnings-rent-ratio:
    cmd: papermill rents_to_earnings.ipynb ../../../data/_working/output/rents_to_earnings.ipynb
    deps:
    - path: ../../../data/ashe/weekly-earnings.csv
      hash: md5
      md5: 8b01dca1444bad110cfea96af311d91d
      size: 24359
    - path: ../../../pipelines/spotlight/housing/rents_to_earnings.ipynb
      hash: md5
      md5: 69b46e6fe8f63caf5fc1d8029e2d8e76
      size: 15661
    outs:
    - path: ../../../data-mart/ashe/rent-earning-ratio.parquet
      hash: md5
      md5: 66e95ba232b3da38de201533b9dc82da
      size: 5397
  rental-prices:
    cmd: papermill rental_prices.ipynb ../../../data/_working/output/rental_prices.ipynb
    deps:
    - path: ../../../pipelines/spotlight/housing/rental_prices.ipynb
      hash: md5
      md5: f25fa69ec4a79c3cc01c41f75279b5ea
      size: 2192
    outs:
    - path: ../../../data-mart/rental-prices/most_recent_rental_prices.parquet
      hash: md5
      md5: 1f0869a4d2438b4ffddc574c76c39b90
      size: 14465
  dwellings:
    cmd: papermill dwelling_stock.ipynb ../../../data/_working/output/dwelling_stock.ipynb
    deps:
    - path: ../../../data-raw/dwelling-stock/subnationaldwellingstockbytenure2021.xlsx
      hash: md5
      md5: 050558ac46525d9e8ad678492d95ea37
      size: 812366
    - path: ../../../pipelines/spotlight/housing/dwelling_stock.ipynb
      hash: md5
      md5: 60dfc4e6b41927c9a6ed5bbdd64fdd48
      size: 2695
    outs:
    - path: ../../../data-mart/dwelling-stock/dwelling-stock.parquet
      hash: md5
      md5: 3aa0d2101d3bc59ef54203f5a282427a
      size: 97998
    - path: ../../../data/dwelling-stock/dwelling-stock.csv
      hash: md5
      md5: 3527dd86db6b9731ad8e99b9551fce2e
      size: 1072174
  download-files:
    cmd: python get-files.py
    deps:
    - path: get-files.py
      hash: md5
      md5: 6132cce723bd3efa2b2c533ea8de07bd
      size: 682
    outs:
    - path: ../../../data-raw/dwelling-stock/subnationaldwellingstockbytenure2021.xlsx
      hash: md5
      md5: 050558ac46525d9e8ad678492d95ea37
      size: 812366
