schema: '2.0'
stages:
  prepare-place@E10000017:
    cmd: python prepare.py E10000017
    deps:
    - path: ../../../data/interim/place_data.parquet
      hash: md5
      md5: ac15c5154234d377594d88740a6864a9
      size: 15170
    - path: prepare.ipynb
      hash: md5
      md5: 7799bd024dd7a12a66f55ad4f60a2430
      size: 1524
    outs:
    - path: ../../../src/_data/place_data/E10000017/place_data.csv
      hash: md5
      md5: c38413c867d34b2e2394d780b67bc817
      size: 4715
  prepare-place@E07000028:
    cmd: python prepare.py E07000028
    deps:
    - path: ../../../data/interim/place_data.parquet
      hash: md5
      md5: ac15c5154234d377594d88740a6864a9
      size: 15170
    - path: prepare.ipynb
      hash: md5
      md5: 7799bd024dd7a12a66f55ad4f60a2430
      size: 1524
    outs:
    - path: ../../../src/_data/place_data/E07000028/place_data.csv
      hash: md5
      md5: 875d643a466dfb3295a543545b537f49
      size: 115
  prepare-place@E11000002:
    cmd: python prepare.py E11000002
    deps:
    - path: ../../../data/interim/place_data.parquet
      hash: md5
      md5: ac15c5154234d377594d88740a6864a9
      size: 15170
    - path: prepare.ipynb
      hash: md5
      md5: 7799bd024dd7a12a66f55ad4f60a2430
      size: 1524
    outs:
    - path: ../../../src/_data/place_data/E11000002/place_data.csv
      hash: md5
      md5: 560c48019b0359520611137dcc3a9d03
      size: 2211
  prepare-place@E07000127:
    cmd: python prepare.py E07000127
    deps:
    - path: ../../../data/interim/place_data.parquet
      hash: md5
      md5: ac15c5154234d377594d88740a6864a9
      size: 15170
    - path: prepare.ipynb
      hash: md5
      md5: 7799bd024dd7a12a66f55ad4f60a2430
      size: 1524
    outs:
    - path: ../../../src/_data/place_data/E07000127/place_data.csv
      hash: md5
      md5: c2f34f15bf06ea00a4b8b72ca07d8443
      size: 615
  prepare-place@E12000002:
    cmd: python prepare.py E12000002
    deps:
    - path: ../../../data/interim/place_data.parquet
      hash: md5
      md5: ac15c5154234d377594d88740a6864a9
      size: 15170
    - path: prepare.ipynb
      hash: md5
      md5: 7799bd024dd7a12a66f55ad4f60a2430
      size: 1524
    outs:
    - path: ../../../src/_data/place_data/E12000002/place_data.csv
      hash: md5
      md5: 838984d680d80e1d92f4af6ab7f1ea25
      size: 14279
  prepare-place@E08000037:
    cmd: python prepare.py E08000037
    deps:
    - path: ../../../data/interim/place_data.parquet
      hash: md5
      md5: ac15c5154234d377594d88740a6864a9
      size: 15170
    - path: prepare.ipynb
      hash: md5
      md5: 7799bd024dd7a12a66f55ad4f60a2430
      size: 1524
    outs:
    - path: ../../../src/_data/place_data/E08000037/place_data.csv
      hash: md5
      md5: e9e8fddf18be77b4d0c4471058a17b0f
      size: 560
  prepare-place@E06000006:
    cmd: python prepare.py E06000006
    deps:
    - path: ../../../data/interim/place_data.parquet
      hash: md5
      md5: ac15c5154234d377594d88740a6864a9
      size: 15170
    - path: prepare.ipynb
      hash: md5
      md5: 7799bd024dd7a12a66f55ad4f60a2430
      size: 1524
    outs:
    - path: ../../../src/_data/place_data/E06000006/place_data.csv
      hash: md5
      md5: 3dc96ce8ca87b5027a680e54bead5c38
      size: 115
  prepare-place@E07000125:
    cmd: python prepare.py E07000125
    deps:
    - path: ../../../data/interim/place_data.parquet
      hash: md5
      md5: ac15c5154234d377594d88740a6864a9
      size: 15170
    - path: prepare.ipynb
      hash: md5
      md5: 7799bd024dd7a12a66f55ad4f60a2430
      size: 1524
    outs:
    - path: ../../../src/_data/place_data/E07000125/place_data.csv
      hash: md5
      md5: 40588d4e0b35ae1f349755477fa3c58d
      size: 394
  prepare-place@E08000035:
    cmd: python prepare.py E08000035
    deps:
    - path: ../../../data/interim/place_data.parquet
      hash: md5
      md5: ac15c5154234d377594d88740a6864a9
      size: 15170
    - path: prepare.ipynb
      hash: md5
      md5: 7799bd024dd7a12a66f55ad4f60a2430
      size: 1524
    outs:
    - path: ../../../src/_data/place_data/E08000035/place_data.csv
      hash: md5
      md5: 8e4e7c8bafa295ba3abdcb3792fb056a
      size: 769
  prepare-place@E47000004:
    cmd: python prepare.py E47000004
    deps:
    - path: ../../../data/interim/place_data.parquet
      hash: md5
      md5: ac15c5154234d377594d88740a6864a9
      size: 15170
    - path: prepare.ipynb
      hash: md5
      md5: 7799bd024dd7a12a66f55ad4f60a2430
      size: 1524
    outs:
    - path: ../../../src/_data/place_data/E47000004/place_data.csv
      hash: md5
      md5: 560c48019b0359520611137dcc3a9d03
      size: 2211
  prepare-place@E06000009:
    cmd: python prepare.py E06000009
    deps:
    - path: ../../../data/interim/place_data.parquet
      hash: md5
      md5: ac15c5154234d377594d88740a6864a9
      size: 15170
    - path: prepare.ipynb
      hash: md5
      md5: 7799bd024dd7a12a66f55ad4f60a2430
      size: 1524
    outs:
    - path: ../../../src/_data/place_data/E06000009/place_data.csv
      hash: md5
      md5: 95c7103428646787b90622938fd19d2f
      size: 536
  prepare-place@E08000011:
    cmd: python prepare.py E08000011
    deps:
    - path: ../../../data/interim/place_data.parquet
      hash: md5
      md5: ac15c5154234d377594d88740a6864a9
      size: 15170
    - path: prepare.ipynb
      hash: md5
      md5: 7799bd024dd7a12a66f55ad4f60a2430
      size: 1524
    outs:
    - path: ../../../src/_data/place_data/E08000011/place_data.csv
      hash: md5
      md5: d7a97493f51bc20a7e50f7724465d125
      size: 425
  prepare-place@E07000031:
    cmd: python prepare.py E07000031
    deps:
    - path: ../../../data/interim/place_data.parquet
      hash: md5
      md5: ac15c5154234d377594d88740a6864a9
      size: 15170
    - path: prepare.ipynb
      hash: md5
      md5: 7799bd024dd7a12a66f55ad4f60a2430
      size: 1524
    outs:
    - path: ../../../src/_data/place_data/E07000031/place_data.csv
      hash: md5
      md5: 5ee47b42a99fb3349b33b64605f6579d
      size: 115
  prepare-place@E07000166:
    cmd: python prepare.py E07000166
    deps:
    - path: ../../../data/interim/place_data.parquet
      hash: md5
      md5: ac15c5154234d377594d88740a6864a9
      size: 15170
    - path: prepare.ipynb
      hash: md5
      md5: 7799bd024dd7a12a66f55ad4f60a2430
      size: 1524
    outs:
    - path: ../../../src/_data/place_data/E07000166/place_data.csv
      hash: md5
      md5: a2981538e09f71eb48821b1317108869
      size: 113
  prepare-place@E11000007:
    cmd: python prepare.py E11000007
    deps:
    - path: ../../../data/interim/place_data.parquet
      hash: md5
      md5: ac15c5154234d377594d88740a6864a9
      size: 15170
    - path: prepare.ipynb
      hash: md5
      md5: 7799bd024dd7a12a66f55ad4f60a2430
      size: 1524
    outs:
    - path: ../../../src/_data/place_data/E11000007/place_data.csv
      hash: md5
      md5: 5205eab5000715f8d0caaebd40fbb8ad
      size: 5208
  prepare-place@E08000009:
    cmd: python prepare.py E08000009
    deps:
    - path: ../../../data/interim/place_data.parquet
      hash: md5
      md5: ac15c5154234d377594d88740a6864a9
      size: 15170
    - path: prepare.ipynb
      hash: md5
      md5: 7799bd024dd7a12a66f55ad4f60a2430
      size: 1524
    outs:
    - path: ../../../src/_data/place_data/E08000009/place_data.csv
      hash: md5
      md5: b1eab87bc746ef6cc2ae19ae0b762f9d
      size: 554
  prepare-place@E47000002:
    cmd: python prepare.py E47000002
    deps:
    - path: ../../../data/interim/place_data.parquet
      hash: md5
      md5: ac15c5154234d377594d88740a6864a9
      size: 15170
    - path: prepare.ipynb
      hash: md5
      md5: 7799bd024dd7a12a66f55ad4f60a2430
      size: 1524
    outs:
    - path: ../../../src/_data/place_data/E47000002/place_data.csv
      hash: md5
      md5: df09dac0c97204800946346b05a0cbb1
      size: 1733
  prepare-place@E07000167:
    cmd: python prepare.py E07000167
    deps:
    - path: ../../../data/interim/place_data.parquet
      hash: md5
      md5: ac15c5154234d377594d88740a6864a9
      size: 15170
    - path: prepare.ipynb
      hash: md5
      md5: 7799bd024dd7a12a66f55ad4f60a2430
      size: 1524
    outs:
    - path: ../../../src/_data/place_data/E07000167/place_data.csv
      hash: md5
      md5: 3952ef0835fd79ade9f504033bf79b29
      size: 114
  prepare-place@E08000006:
    cmd: python prepare.py E08000006
    deps:
    - path: ../../../data/interim/place_data.parquet
      hash: md5
      md5: ac15c5154234d377594d88740a6864a9
      size: 15170
    - path: prepare.ipynb
      hash: md5
      md5: 7799bd024dd7a12a66f55ad4f60a2430
      size: 1524
    outs:
    - path: ../../../src/_data/place_data/E08000006/place_data.csv
      hash: md5
      md5: 20128c66a9cd45a482220cf31a977442
      size: 117
  prepare-place@E12000001:
    cmd: python prepare.py E12000001
    deps:
    - path: ../../../data/interim/place_data.parquet
      hash: md5
      md5: ac15c5154234d377594d88740a6864a9
      size: 15170
    - path: prepare.ipynb
      hash: md5
      md5: 7799bd024dd7a12a66f55ad4f60a2430
      size: 1524
    outs:
    - path: ../../../src/_data/place_data/E12000001/place_data.csv
      hash: md5
      md5: bc5b6bf37db278a9a6fb01bbd06246a8
      size: 7280
  prepare-place@E08000021:
    cmd: python prepare.py E08000021
    deps:
    - path: ../../../data/interim/place_data.parquet
      hash: md5
      md5: ac15c5154234d377594d88740a6864a9
      size: 15170
    - path: prepare.ipynb
      hash: md5
      md5: 7799bd024dd7a12a66f55ad4f60a2430
      size: 1524
    outs:
    - path: ../../../src/_data/place_data/E08000021/place_data.csv
      hash: md5
      md5: 8802c3d630d5cbbd3c1a242d1dbb1046
      size: 659
  prepare-place@E06000012:
    cmd: python prepare.py E06000012
    deps:
    - path: ../../../data/interim/place_data.parquet
      hash: md5
      md5: ac15c5154234d377594d88740a6864a9
      size: 15170
    - path: prepare.ipynb
      hash: md5
      md5: 7799bd024dd7a12a66f55ad4f60a2430
      size: 1524
    outs:
    - path: ../../../src/_data/place_data/E06000012/place_data.csv
      hash: md5
      md5: 1cc008d842848b4b7a4619108b234714
      size: 425
  prepare-place@E47000003:
    cmd: python prepare.py E47000003
    deps:
    - path: ../../../data/interim/place_data.parquet
      hash: md5
      md5: ac15c5154234d377594d88740a6864a9
      size: 15170
    - path: prepare.ipynb
      hash: md5
      md5: 7799bd024dd7a12a66f55ad4f60a2430
      size: 1524
    outs:
    - path: ../../../src/_data/place_data/E47000003/place_data.csv
      hash: md5
      md5: 6bec1e9002038e5b0973883e01474bdb
      size: 2874
  prepare-place@E06000004:
    cmd: python prepare.py E06000004
    deps:
    - path: ../../../data/interim/place_data.parquet
      hash: md5
      md5: ac15c5154234d377594d88740a6864a9
      size: 15170
    - path: prepare.ipynb
      hash: md5
      md5: 7799bd024dd7a12a66f55ad4f60a2430
      size: 1524
    outs:
    - path: ../../../src/_data/place_data/E06000004/place_data.csv
      hash: md5
      md5: 2b656553ba19eddc01a63ce0ca74371e
      size: 642
  prepare-place@E06000007:
    cmd: python prepare.py E06000007
    deps:
    - path: ../../../data/interim/place_data.parquet
      hash: md5
      md5: ac15c5154234d377594d88740a6864a9
      size: 15170
    - path: prepare.ipynb
      hash: md5
      md5: 7799bd024dd7a12a66f55ad4f60a2430
      size: 1524
    outs:
    - path: ../../../src/_data/place_data/E06000007/place_data.csv
      hash: md5
      md5: d52e51c7b5b2e48d72fd3e44120ab399
      size: 564
  prepare-place@E07000026:
    cmd: python prepare.py E07000026
    deps:
    - path: ../../../data/interim/place_data.parquet
      hash: md5
      md5: ac15c5154234d377594d88740a6864a9
      size: 15170
    - path: prepare.ipynb
      hash: md5
      md5: 7799bd024dd7a12a66f55ad4f60a2430
      size: 1524
    outs:
    - path: ../../../src/_data/place_data/E07000026/place_data.csv
      hash: md5
      md5: d53db7b0d4204fd8bb6703d11245158a
      size: 114
  prepare-place@E06000057:
    cmd: python prepare.py E06000057
    deps:
    - path: ../../../data/interim/place_data.parquet
      hash: md5
      md5: ac15c5154234d377594d88740a6864a9
      size: 15170
    - path: prepare.ipynb
      hash: md5
      md5: 7799bd024dd7a12a66f55ad4f60a2430
      size: 1524
    outs:
    - path: ../../../src/_data/place_data/E06000057/place_data.csv
      hash: md5
      md5: acc1e02fb64ff73529ad626df430f5a3
      size: 1358
  prepare-place@E08000010:
    cmd: python prepare.py E08000010
    deps:
    - path: ../../../data/interim/place_data.parquet
      hash: md5
      md5: ac15c5154234d377594d88740a6864a9
      size: 15170
    - path: prepare.ipynb
      hash: md5
      md5: 7799bd024dd7a12a66f55ad4f60a2430
      size: 1524
    outs:
    - path: ../../../src/_data/place_data/E08000010/place_data.csv
      hash: md5
      md5: 1038a6dbf5b909f58741d2a3d83567ff
      size: 642
  prepare-place@E47000010:
    cmd: python prepare.py E47000010
    deps:
    - path: ../../../data/interim/place_data.parquet
      hash: md5
      md5: ac15c5154234d377594d88740a6864a9
      size: 15170
    - path: prepare.ipynb
      hash: md5
      md5: 7799bd024dd7a12a66f55ad4f60a2430
      size: 1524
    outs:
    - path: ../../../src/_data/place_data/E47000010/place_data.csv
      hash: md5
      md5: a282ce4f836e2b78814d77ce83d63586
      size: 2867
  prepare-place@E06000050:
    cmd: python prepare.py E06000050
    deps:
    - path: ../../../data/interim/place_data.parquet
      hash: md5
      md5: ac15c5154234d377594d88740a6864a9
      size: 15170
    - path: prepare.ipynb
      hash: md5
      md5: 7799bd024dd7a12a66f55ad4f60a2430
      size: 1524
    outs:
    - path: ../../../src/_data/place_data/E06000050/place_data.csv
      hash: md5
      md5: c5ff1db542a798362db56ee2fad25795
      size: 1028
  prepare-place@E11000006:
    cmd: python prepare.py E11000006
    deps:
    - path: ../../../data/interim/place_data.parquet
      hash: md5
      md5: ac15c5154234d377594d88740a6864a9
      size: 15170
    - path: prepare.ipynb
      hash: md5
      md5: 7799bd024dd7a12a66f55ad4f60a2430
      size: 1524
    outs:
    - path: ../../../src/_data/place_data/E11000006/place_data.csv
      hash: md5
      md5: 6bec1e9002038e5b0973883e01474bdb
      size: 2874
  prepare-place@E08000033:
    cmd: python prepare.py E08000033
    deps:
    - path: ../../../data/interim/place_data.parquet
      hash: md5
      md5: ac15c5154234d377594d88740a6864a9
      size: 15170
    - path: prepare.ipynb
      hash: md5
      md5: 7799bd024dd7a12a66f55ad4f60a2430
      size: 1524
    outs:
    - path: ../../../src/_data/place_data/E08000033/place_data.csv
      hash: md5
      md5: 100ae95d62581fe6e8c15e756f1c6f69
      size: 474
  prepare-place@E08000022:
    cmd: python prepare.py E08000022
    deps:
    - path: ../../../data/interim/place_data.parquet
      hash: md5
      md5: ac15c5154234d377594d88740a6864a9
      size: 15170
    - path: prepare.ipynb
      hash: md5
      md5: 7799bd024dd7a12a66f55ad4f60a2430
      size: 1524
    outs:
    - path: ../../../src/_data/place_data/E08000022/place_data.csv
      hash: md5
      md5: e4e66f04406a33f71db111ff5e29ddaa
      size: 527
  prepare-place@E06000011:
    cmd: python prepare.py E06000011
    deps:
    - path: ../../../data/interim/place_data.parquet
      hash: md5
      md5: ac15c5154234d377594d88740a6864a9
      size: 15170
    - path: prepare.ipynb
      hash: md5
      md5: 7799bd024dd7a12a66f55ad4f60a2430
      size: 1524
    outs:
    - path: ../../../src/_data/place_data/E06000011/place_data.csv
      hash: md5
      md5: 7b5bc74fccfa825479554e7a56c4b41a
      size: 657
  prepare-place@E10000023:
    cmd: python prepare.py E10000023
    deps:
    - path: ../../../data/interim/place_data.parquet
      hash: md5
      md5: ac15c5154234d377594d88740a6864a9
      size: 15170
    - path: prepare.ipynb
      hash: md5
      md5: 7799bd024dd7a12a66f55ad4f60a2430
      size: 1524
    outs:
    - path: ../../../src/_data/place_data/E10000023/place_data.csv
      hash: md5
      md5: c35d13fc00aac1ccebcb0413c704727c
      size: 371
  prepare-place@E06000002:
    cmd: python prepare.py E06000002
    deps:
    - path: ../../../data/interim/place_data.parquet
      hash: md5
      md5: ac15c5154234d377594d88740a6864a9
      size: 15170
    - path: prepare.ipynb
      hash: md5
      md5: 7799bd024dd7a12a66f55ad4f60a2430
      size: 1524
    outs:
    - path: ../../../src/_data/place_data/E06000002/place_data.csv
      hash: md5
      md5: 0e6f08688695e6b3f039771fc83f23a3
      size: 520
  prepare-place@E07000122:
    cmd: python prepare.py E07000122
    deps:
    - path: ../../../data/interim/place_data.parquet
      hash: md5
      md5: ac15c5154234d377594d88740a6864a9
      size: 15170
    - path: prepare.ipynb
      hash: md5
      md5: 7799bd024dd7a12a66f55ad4f60a2430
      size: 1524
    outs:
    - path: ../../../src/_data/place_data/E07000122/place_data.csv
      hash: md5
      md5: 7c0528cac5918e8ec9c88e3a4a0617e4
      size: 114
  prepare-place@E12999901:
    cmd: python prepare.py E12999901
    deps:
    - path: ../../../data/interim/place_data.parquet
      hash: md5
      md5: ac15c5154234d377594d88740a6864a9
      size: 15170
    - path: prepare.ipynb
      hash: md5
      md5: 7799bd024dd7a12a66f55ad4f60a2430
      size: 1524
    outs:
    - path: ../../../src/_data/place_data/E12999901/place_data.csv
      hash: md5
      md5: 35c760a54265a637ca7266279acaa3cb
      size: 28574
  prepare-place@E06000008:
    cmd: python prepare.py E06000008
    deps:
    - path: ../../../data/interim/place_data.parquet
      hash: md5
      md5: ac15c5154234d377594d88740a6864a9
      size: 15170
    - path: prepare.ipynb
      hash: md5
      md5: 7799bd024dd7a12a66f55ad4f60a2430
      size: 1524
    outs:
    - path: ../../../src/_data/place_data/E06000008/place_data.csv
      hash: md5
      md5: de5c7eb0b954366f3c54abb3ebabe6c7
      size: 458
  prepare-place@E06000001:
    cmd: python prepare.py E06000001
    deps:
    - path: ../../../data/interim/place_data.parquet
      hash: md5
      md5: ac15c5154234d377594d88740a6864a9
      size: 15170
    - path: prepare.ipynb
      hash: md5
      md5: 7799bd024dd7a12a66f55ad4f60a2430
      size: 1524
    outs:
    - path: ../../../src/_data/place_data/E06000001/place_data.csv
      hash: md5
      md5: b12087ec694721e4ea57c908e795dd5b
      size: 114
  prepare-place@E08000036:
    cmd: python prepare.py E08000036
    deps:
    - path: ../../../data/interim/place_data.parquet
      hash: md5
      md5: ac15c5154234d377594d88740a6864a9
      size: 15170
    - path: prepare.ipynb
      hash: md5
      md5: 7799bd024dd7a12a66f55ad4f60a2430
      size: 1524
    outs:
    - path: ../../../src/_data/place_data/E08000036/place_data.csv
      hash: md5
      md5: a556d7954811ff79906cdebe82a1c4a5
      size: 559
  prepare-place@E11000003:
    cmd: python prepare.py E11000003
    deps:
    - path: ../../../data/interim/place_data.parquet
      hash: md5
      md5: ac15c5154234d377594d88740a6864a9
      size: 15170
    - path: prepare.ipynb
      hash: md5
      md5: 7799bd024dd7a12a66f55ad4f60a2430
      size: 1524
    outs:
    - path: ../../../src/_data/place_data/E11000003/place_data.csv
      hash: md5
      md5: df09dac0c97204800946346b05a0cbb1
      size: 1733
  prepare-place@E12000003:
    cmd: python prepare.py E12000003
    deps:
    - path: ../../../data/interim/place_data.parquet
      hash: md5
      md5: ac15c5154234d377594d88740a6864a9
      size: 15170
    - path: prepare.ipynb
      hash: md5
      md5: 7799bd024dd7a12a66f55ad4f60a2430
      size: 1524
    outs:
    - path: ../../../src/_data/place_data/E12000003/place_data.csv
      hash: md5
      md5: 9d1cabc4e7d7619c98ee52867d8ef099
      size: 7141
  prepare-place@E08000024:
    cmd: python prepare.py E08000024
    deps:
    - path: ../../../data/interim/place_data.parquet
      hash: md5
      md5: ac15c5154234d377594d88740a6864a9
      size: 15170
    - path: prepare.ipynb
      hash: md5
      md5: 7799bd024dd7a12a66f55ad4f60a2430
      size: 1524
    outs:
    - path: ../../../src/_data/place_data/E08000024/place_data.csv
      hash: md5
      md5: 141f4ed35ae53822ea07582918a9d2ac
      size: 641
  prepare-place@E06000014:
    cmd: python prepare.py E06000014
    deps:
    - path: ../../../data/interim/place_data.parquet
      hash: md5
      md5: ac15c5154234d377594d88740a6864a9
      size: 15170
    - path: prepare.ipynb
      hash: md5
      md5: 7799bd024dd7a12a66f55ad4f60a2430
      size: 1524
    outs:
    - path: ../../../src/_data/place_data/E06000014/place_data.csv
      hash: md5
      md5: 7b159037ac95d01d8691a8f2a10a177c
      size: 547
  prepare-place@E07000163:
    cmd: python prepare.py E07000163
    deps:
    - path: ../../../data/interim/place_data.parquet
      hash: md5
      md5: ac15c5154234d377594d88740a6864a9
      size: 15170
    - path: prepare.ipynb
      hash: md5
      md5: 7799bd024dd7a12a66f55ad4f60a2430
      size: 1524
    outs:
    - path: ../../../src/_data/place_data/E07000163/place_data.csv
      hash: md5
      md5: 8470bd82ccf77b1213d2846175088e1c
      size: 114
  prepare-place@E07000128:
    cmd: python prepare.py E07000128
    deps:
    - path: ../../../data/interim/place_data.parquet
      hash: md5
      md5: ac15c5154234d377594d88740a6864a9
      size: 15170
    - path: prepare.ipynb
      hash: md5
      md5: 7799bd024dd7a12a66f55ad4f60a2430
      size: 1524
    outs:
    - path: ../../../src/_data/place_data/E07000128/place_data.csv
      hash: md5
      md5: 3a77462bd7a382ce13ec756c0671db82
      size: 595
  prepare-place@E07000027:
    cmd: python prepare.py E07000027
    deps:
    - path: ../../../data/interim/place_data.parquet
      hash: md5
      md5: ac15c5154234d377594d88740a6864a9
      size: 15170
    - path: prepare.ipynb
      hash: md5
      md5: 7799bd024dd7a12a66f55ad4f60a2430
      size: 1524
    outs:
    - path: ../../../src/_data/place_data/E07000027/place_data.csv
      hash: md5
      md5: 9ca2a3f0e43764c7d064b1847072e8c4
      size: 114
  prepare-place@E07000126:
    cmd: python prepare.py E07000126
    deps:
    - path: ../../../data/interim/place_data.parquet
      hash: md5
      md5: ac15c5154234d377594d88740a6864a9
      size: 15170
    - path: prepare.ipynb
      hash: md5
      md5: 7799bd024dd7a12a66f55ad4f60a2430
      size: 1524
    outs:
    - path: ../../../src/_data/place_data/E07000126/place_data.csv
      hash: md5
      md5: ccc292b1e89a3b783be92e395498c706
      size: 575
  prepare-place@E07000030:
    cmd: python prepare.py E07000030
    deps:
    - path: ../../../data/interim/place_data.parquet
      hash: md5
      md5: ac15c5154234d377594d88740a6864a9
      size: 15170
    - path: prepare.ipynb
      hash: md5
      md5: 7799bd024dd7a12a66f55ad4f60a2430
      size: 1524
    outs:
    - path: ../../../src/_data/place_data/E07000030/place_data.csv
      hash: md5
      md5: 5a93d6cb0eba1ddee26c31d5ea74f44f
      size: 114
  prepare-place@E07000119:
    cmd: python prepare.py E07000119
    deps:
    - path: ../../../data/interim/place_data.parquet
      hash: md5
      md5: ac15c5154234d377594d88740a6864a9
      size: 15170
    - path: prepare.ipynb
      hash: md5
      md5: 7799bd024dd7a12a66f55ad4f60a2430
      size: 1524
    outs:
    - path: ../../../src/_data/place_data/E07000119/place_data.csv
      hash: md5
      md5: 60fd0044e24e71c67a35e400013ea2c0
      size: 534
  prepare-place@E07000121:
    cmd: python prepare.py E07000121
    deps:
    - path: ../../../data/interim/place_data.parquet
      hash: md5
      md5: ac15c5154234d377594d88740a6864a9
      size: 15170
    - path: prepare.ipynb
      hash: md5
      md5: 7799bd024dd7a12a66f55ad4f60a2430
      size: 1524
    outs:
    - path: ../../../src/_data/place_data/E07000121/place_data.csv
      hash: md5
      md5: 712cb50f381f7c431a535d12284f553e
      size: 655
  prepare-place@E07000124:
    cmd: python prepare.py E07000124
    deps:
    - path: ../../../data/interim/place_data.parquet
      hash: md5
      md5: ac15c5154234d377594d88740a6864a9
      size: 15170
    - path: prepare.ipynb
      hash: md5
      md5: 7799bd024dd7a12a66f55ad4f60a2430
      size: 1524
    outs:
    - path: ../../../src/_data/place_data/E07000124/place_data.csv
      hash: md5
      md5: 7c1208246ac956054b0496caba880883
      size: 633
  prepare-place@E08000017:
    cmd: python prepare.py E08000017
    deps:
    - path: ../../../data/interim/place_data.parquet
      hash: md5
      md5: ac15c5154234d377594d88740a6864a9
      size: 15170
    - path: prepare.ipynb
      hash: md5
      md5: 7799bd024dd7a12a66f55ad4f60a2430
      size: 1524
    outs:
    - path: ../../../src/_data/place_data/E08000017/place_data.csv
      hash: md5
      md5: d8decfb2e9e4daf5373b2ffff53a457d
      size: 555
  prepare-place@E10000006:
    cmd: python prepare.py E10000006
    deps:
    - path: ../../../data/interim/place_data.parquet
      hash: md5
      md5: ac15c5154234d377594d88740a6864a9
      size: 15170
    - path: prepare.ipynb
      hash: md5
      md5: 7799bd024dd7a12a66f55ad4f60a2430
      size: 1524
    outs:
    - path: ../../../src/_data/place_data/E10000006/place_data.csv
      hash: md5
      md5: 98537ba827ce895219af933d8b7bd28d
      size: 333
  prepare-place@E06000003:
    cmd: python prepare.py E06000003
    deps:
    - path: ../../../data/interim/place_data.parquet
      hash: md5
      md5: ac15c5154234d377594d88740a6864a9
      size: 15170
    - path: prepare.ipynb
      hash: md5
      md5: 7799bd024dd7a12a66f55ad4f60a2430
      size: 1524
    outs:
    - path: ../../../src/_data/place_data/E06000003/place_data.csv
      hash: md5
      md5: 2e8addb9452e095aa77f06128e1ba6d5
      size: 595
  prepare-place@E08000002:
    cmd: python prepare.py E08000002
    deps:
    - path: ../../../data/interim/place_data.parquet
      hash: md5
      md5: ac15c5154234d377594d88740a6864a9
      size: 15170
    - path: prepare.ipynb
      hash: md5
      md5: 7799bd024dd7a12a66f55ad4f60a2430
      size: 1524
    outs:
    - path: ../../../src/_data/place_data/E08000002/place_data.csv
      hash: md5
      md5: e0828950d6e7042bf3a919ea4464a5e6
      size: 116
  prepare-place@E08000018:
    cmd: python prepare.py E08000018
    deps:
    - path: ../../../data/interim/place_data.parquet
      hash: md5
      md5: ac15c5154234d377594d88740a6864a9
      size: 15170
    - path: prepare.ipynb
      hash: md5
      md5: 7799bd024dd7a12a66f55ad4f60a2430
      size: 1524
    outs:
    - path: ../../../src/_data/place_data/E08000018/place_data.csv
      hash: md5
      md5: 363e90484fabaaaf21dd2c5955f34f97
      size: 117
  prepare-place@E08000013:
    cmd: python prepare.py E08000013
    deps:
    - path: ../../../data/interim/place_data.parquet
      hash: md5
      md5: ac15c5154234d377594d88740a6864a9
      size: 15170
    - path: prepare.ipynb
      hash: md5
      md5: 7799bd024dd7a12a66f55ad4f60a2430
      size: 1524
    outs:
    - path: ../../../src/_data/place_data/E08000013/place_data.csv
      hash: md5
      md5: 6944fabfc495eb70ed84a7bed42c8088
      size: 115
  prepare-place@E07000168:
    cmd: python prepare.py E07000168
    deps:
    - path: ../../../data/interim/place_data.parquet
      hash: md5
      md5: ac15c5154234d377594d88740a6864a9
      size: 15170
    - path: prepare.ipynb
      hash: md5
      md5: 7799bd024dd7a12a66f55ad4f60a2430
      size: 1524
    outs:
    - path: ../../../src/_data/place_data/E07000168/place_data.csv
      hash: md5
      md5: 54c644da60e3b7b0c1b5671fbc97fabf
      size: 115
  prepare-place@E07000029:
    cmd: python prepare.py E07000029
    deps:
    - path: ../../../data/interim/place_data.parquet
      hash: md5
      md5: ac15c5154234d377594d88740a6864a9
      size: 15170
    - path: prepare.ipynb
      hash: md5
      md5: 7799bd024dd7a12a66f55ad4f60a2430
      size: 1524
    outs:
    - path: ../../../src/_data/place_data/E07000029/place_data.csv
      hash: md5
      md5: e95c6170c2c7cd4359b16375ee5c7fde
      size: 114
  prepare-place@E07000118:
    cmd: python prepare.py E07000118
    deps:
    - path: ../../../data/interim/place_data.parquet
      hash: md5
      md5: ac15c5154234d377594d88740a6864a9
      size: 15170
    - path: prepare.ipynb
      hash: md5
      md5: 7799bd024dd7a12a66f55ad4f60a2430
      size: 1524
    outs:
    - path: ../../../src/_data/place_data/E07000118/place_data.csv
      hash: md5
      md5: 3aa4230bbe79f08f9bef9834a5b4e4d8
      size: 115
  prepare-place@E08000005:
    cmd: python prepare.py E08000005
    deps:
    - path: ../../../data/interim/place_data.parquet
      hash: md5
      md5: ac15c5154234d377594d88740a6864a9
      size: 15170
    - path: prepare.ipynb
      hash: md5
      md5: 7799bd024dd7a12a66f55ad4f60a2430
      size: 1524
    outs:
    - path: ../../../src/_data/place_data/E08000005/place_data.csv
      hash: md5
      md5: fcd064eedef5e52d530391afdc2353f6
      size: 117
  prepare-place@E47000001:
    cmd: python prepare.py E47000001
    deps:
    - path: ../../../data/interim/place_data.parquet
      hash: md5
      md5: ac15c5154234d377594d88740a6864a9
      size: 15170
    - path: prepare.ipynb
      hash: md5
      md5: 7799bd024dd7a12a66f55ad4f60a2430
      size: 1524
    outs:
    - path: ../../../src/_data/place_data/E47000001/place_data.csv
      hash: md5
      md5: 237e9f6b6cc4e46e9248d29e492fc409
      size: 3829
  prepare-place@E07000117:
    cmd: python prepare.py E07000117
    deps:
    - path: ../../../data/interim/place_data.parquet
      hash: md5
      md5: ac15c5154234d377594d88740a6864a9
      size: 15170
    - path: prepare.ipynb
      hash: md5
      md5: 7799bd024dd7a12a66f55ad4f60a2430
      size: 1524
    outs:
    - path: ../../../src/_data/place_data/E07000117/place_data.csv
      hash: md5
      md5: d5d9d79f19893d38a6341c40cfe8273f
      size: 414
  prepare-place@E07000120:
    cmd: python prepare.py E07000120
    deps:
    - path: ../../../data/interim/place_data.parquet
      hash: md5
      md5: ac15c5154234d377594d88740a6864a9
      size: 15170
    - path: prepare.ipynb
      hash: md5
      md5: 7799bd024dd7a12a66f55ad4f60a2430
      size: 1524
    outs:
    - path: ../../../src/_data/place_data/E07000120/place_data.csv
      hash: md5
      md5: 32474b8a8a4a628a30b10bdd06939fe0
      size: 434
  prepare-place@E11000001:
    cmd: python prepare.py E11000001
    deps:
    - path: ../../../data/interim/place_data.parquet
      hash: md5
      md5: ac15c5154234d377594d88740a6864a9
      size: 15170
    - path: prepare.ipynb
      hash: md5
      md5: 7799bd024dd7a12a66f55ad4f60a2430
      size: 1524
    outs:
    - path: ../../../src/_data/place_data/E11000001/place_data.csv
      hash: md5
      md5: 237e9f6b6cc4e46e9248d29e492fc409
      size: 3829
  prepare-place@E08000001:
    cmd: python prepare.py E08000001
    deps:
    - path: ../../../data/interim/place_data.parquet
      hash: md5
      md5: ac15c5154234d377594d88740a6864a9
      size: 15170
    - path: prepare.ipynb
      hash: md5
      md5: 7799bd024dd7a12a66f55ad4f60a2430
      size: 1524
    outs:
    - path: ../../../src/_data/place_data/E08000001/place_data.csv
      hash: md5
      md5: 7b6cd612d9e9ffd0a02747bf79aadb0c
      size: 537
  prepare-place@E47000006:
    cmd: python prepare.py E47000006
    deps:
    - path: ../../../data/interim/place_data.parquet
      hash: md5
      md5: ac15c5154234d377594d88740a6864a9
      size: 15170
    - path: prepare.ipynb
      hash: md5
      md5: 7799bd024dd7a12a66f55ad4f60a2430
      size: 1524
    outs:
    - path: ../../../src/_data/place_data/E47000006/place_data.csv
      hash: md5
      md5: f50862fa19d73871f1ca70514ab4bcb3
      size: 2108
  prepare-place@E06000049:
    cmd: python prepare.py E06000049
    deps:
    - path: ../../../data/interim/place_data.parquet
      hash: md5
      md5: ac15c5154234d377594d88740a6864a9
      size: 15170
    - path: prepare.ipynb
      hash: md5
      md5: 7799bd024dd7a12a66f55ad4f60a2430
      size: 1524
    outs:
    - path: ../../../src/_data/place_data/E06000049/place_data.csv
      hash: md5
      md5: 10ba659edea3b713482e17b32ca7d27e
      size: 1166
  prepare-place@E06000010:
    cmd: python prepare.py E06000010
    deps:
    - path: ../../../data/interim/place_data.parquet
      hash: md5
      md5: ac15c5154234d377594d88740a6864a9
      size: 15170
    - path: prepare.ipynb
      hash: md5
      md5: 7799bd024dd7a12a66f55ad4f60a2430
      size: 1524
    outs:
    - path: ../../../src/_data/place_data/E06000010/place_data.csv
      hash: md5
      md5: e3d722169ffecaae64a3f0ed0f0ec8cf
      size: 555
  prepare-place@E06000005:
    cmd: python prepare.py E06000005
    deps:
    - path: ../../../data/interim/place_data.parquet
      hash: md5
      md5: ac15c5154234d377594d88740a6864a9
      size: 15170
    - path: prepare.ipynb
      hash: md5
      md5: 7799bd024dd7a12a66f55ad4f60a2430
      size: 1524
    outs:
    - path: ../../../src/_data/place_data/E06000005/place_data.csv
      hash: md5
      md5: 555b6e02e19395ccca1746b98e9a2a31
      size: 515
  prepare-place@E06000047:
    cmd: python prepare.py E06000047
    deps:
    - path: ../../../data/interim/place_data.parquet
      hash: md5
      md5: ac15c5154234d377594d88740a6864a9
      size: 15170
    - path: prepare.ipynb
      hash: md5
      md5: 7799bd024dd7a12a66f55ad4f60a2430
      size: 1524
    outs:
    - path: ../../../src/_data/place_data/E06000047/place_data.csv
      hash: md5
      md5: e305dd93ab3bdd4660b775b105fd4dfe
      size: 1392
  prepare-place@E08000023:
    cmd: python prepare.py E08000023
    deps:
    - path: ../../../data/interim/place_data.parquet
      hash: md5
      md5: ac15c5154234d377594d88740a6864a9
      size: 15170
    - path: prepare.ipynb
      hash: md5
      md5: 7799bd024dd7a12a66f55ad4f60a2430
      size: 1524
    outs:
    - path: ../../../src/_data/place_data/E08000023/place_data.csv
      hash: md5
      md5: bf2815002e792b2bd2180d55a8b5170b
      size: 476
  prepare-place@E47000011:
    cmd: python prepare.py E47000011
    deps:
    - path: ../../../data/interim/place_data.parquet
      hash: md5
      md5: ac15c5154234d377594d88740a6864a9
      size: 15170
    - path: prepare.ipynb
      hash: md5
      md5: 7799bd024dd7a12a66f55ad4f60a2430
      size: 1524
    outs:
    - path: ../../../src/_data/place_data/E47000011/place_data.csv
      hash: md5
      md5: 4de75694ab0644cecf2ab87cf128c028
      size: 2416
  prepare-place@E07000169:
    cmd: python prepare.py E07000169
    deps:
    - path: ../../../data/interim/place_data.parquet
      hash: md5
      md5: ac15c5154234d377594d88740a6864a9
      size: 15170
    - path: prepare.ipynb
      hash: md5
      md5: 7799bd024dd7a12a66f55ad4f60a2430
      size: 1524
    outs:
    - path: ../../../src/_data/place_data/E07000169/place_data.csv
      hash: md5
      md5: a09ce0eab2e832bfd7235da0622e5504
      size: 114
  prepare-place@E06000013:
    cmd: python prepare.py E06000013
    deps:
    - path: ../../../data/interim/place_data.parquet
      hash: md5
      md5: ac15c5154234d377594d88740a6864a9
      size: 15170
    - path: prepare.ipynb
      hash: md5
      md5: 7799bd024dd7a12a66f55ad4f60a2430
      size: 1524
    outs:
    - path: ../../../src/_data/place_data/E06000013/place_data.csv
      hash: md5
      md5: 60e5c982dfa490ca215401043565711d
      size: 465
  prepare-place@E08000012:
    cmd: python prepare.py E08000012
    deps:
    - path: ../../../data/interim/place_data.parquet
      hash: md5
      md5: ac15c5154234d377594d88740a6864a9
      size: 15170
    - path: prepare.ipynb
      hash: md5
      md5: 7799bd024dd7a12a66f55ad4f60a2430
      size: 1524
    outs:
    - path: ../../../src/_data/place_data/E08000012/place_data.csv
      hash: md5
      md5: a223db34a10e1f7f8f2226a2f5bda8e4
      size: 748
  prepare-place@E08000007:
    cmd: python prepare.py E08000007
    deps:
    - path: ../../../data/interim/place_data.parquet
      hash: md5
      md5: ac15c5154234d377594d88740a6864a9
      size: 15170
    - path: prepare.ipynb
      hash: md5
      md5: 7799bd024dd7a12a66f55ad4f60a2430
      size: 1524
    outs:
    - path: ../../../src/_data/place_data/E08000007/place_data.csv
      hash: md5
      md5: 563f2e2b237a7a1cea328b74e77aee54
      size: 558
  prepare-place@E08000014:
    cmd: python prepare.py E08000014
    deps:
    - path: ../../../data/interim/place_data.parquet
      hash: md5
      md5: ac15c5154234d377594d88740a6864a9
      size: 15170
    - path: prepare.ipynb
      hash: md5
      md5: 7799bd024dd7a12a66f55ad4f60a2430
      size: 1524
    outs:
    - path: ../../../src/_data/place_data/E08000014/place_data.csv
      hash: md5
      md5: f2bbfc5a76f4dc7d255effe69781441a
      size: 580
  prepare-place@E08000015:
    cmd: python prepare.py E08000015
    deps:
    - path: ../../../data/interim/place_data.parquet
      hash: md5
      md5: ac15c5154234d377594d88740a6864a9
      size: 15170
    - path: prepare.ipynb
      hash: md5
      md5: 7799bd024dd7a12a66f55ad4f60a2430
      size: 1524
    outs:
    - path: ../../../src/_data/place_data/E08000015/place_data.csv
      hash: md5
      md5: 6ec530aa74cedeb4b73a282adfc61bf1
      size: 580
  prepare-place@E08000004:
    cmd: python prepare.py E08000004
    deps:
    - path: ../../../data/interim/place_data.parquet
      hash: md5
      md5: ac15c5154234d377594d88740a6864a9
      size: 15170
    - path: prepare.ipynb
      hash: md5
      md5: 7799bd024dd7a12a66f55ad4f60a2430
      size: 1524
    outs:
    - path: ../../../src/_data/place_data/E08000004/place_data.csv
      hash: md5
      md5: d62c79a0a4e7c47a8f89f03e34984b0f
      size: 535
  prepare-place@E07000164:
    cmd: python prepare.py E07000164
    deps:
    - path: ../../../data/interim/place_data.parquet
      hash: md5
      md5: ac15c5154234d377594d88740a6864a9
      size: 15170
    - path: prepare.ipynb
      hash: md5
      md5: 7799bd024dd7a12a66f55ad4f60a2430
      size: 1524
    outs:
    - path: ../../../src/_data/place_data/E07000164/place_data.csv
      hash: md5
      md5: d5e06c06e4e5810678bd13f743bd25cc
      size: 114
  prepare-place@E08000032:
    cmd: python prepare.py E08000032
    deps:
    - path: ../../../data/interim/place_data.parquet
      hash: md5
      md5: ac15c5154234d377594d88740a6864a9
      size: 15170
    - path: prepare.ipynb
      hash: md5
      md5: 7799bd024dd7a12a66f55ad4f60a2430
      size: 1524
    outs:
    - path: ../../../src/_data/place_data/E08000032/place_data.csv
      hash: md5
      md5: c8ed92a1a3fa1b1b2b3f9d3adca7ed99
      size: 748
  prepare-place@E08000008:
    cmd: python prepare.py E08000008
    deps:
    - path: ../../../data/interim/place_data.parquet
      hash: md5
      md5: ac15c5154234d377594d88740a6864a9
      size: 15170
    - path: prepare.ipynb
      hash: md5
      md5: 7799bd024dd7a12a66f55ad4f60a2430
      size: 1524
    outs:
    - path: ../../../src/_data/place_data/E08000008/place_data.csv
      hash: md5
      md5: 825804301b9f32f4de96b3ed53990d48
      size: 515
  prepare-place@E07000123:
    cmd: python prepare.py E07000123
    deps:
    - path: ../../../data/interim/place_data.parquet
      hash: md5
      md5: ac15c5154234d377594d88740a6864a9
      size: 15170
    - path: prepare.ipynb
      hash: md5
      md5: 7799bd024dd7a12a66f55ad4f60a2430
      size: 1524
    outs:
    - path: ../../../src/_data/place_data/E07000123/place_data.csv
      hash: md5
      md5: dd8b4f57845ae1d3c77e029443ef42c3
      size: 439
  prepare-place@E08000003:
    cmd: python prepare.py E08000003
    deps:
    - path: ../../../data/interim/place_data.parquet
      hash: md5
      md5: ac15c5154234d377594d88740a6864a9
      size: 15170
    - path: prepare.ipynb
      hash: md5
      md5: 7799bd024dd7a12a66f55ad4f60a2430
      size: 1524
    outs:
    - path: ../../../src/_data/place_data/E08000003/place_data.csv
      hash: md5
      md5: 77108d0628a44828151f34750793df02
      size: 790
  prepare-place@E08000016:
    cmd: python prepare.py E08000016
    deps:
    - path: ../../../data/interim/place_data.parquet
      hash: md5
      md5: ac15c5154234d377594d88740a6864a9
      size: 15170
    - path: prepare.ipynb
      hash: md5
      md5: 7799bd024dd7a12a66f55ad4f60a2430
      size: 1524
    outs:
    - path: ../../../src/_data/place_data/E08000016/place_data.csv
      hash: md5
      md5: 58ab745a7cdebbf456674b9bd1f3770b
      size: 557
  prepare-place@E07000165:
    cmd: python prepare.py E07000165
    deps:
    - path: ../../../data/interim/place_data.parquet
      hash: md5
      md5: ac15c5154234d377594d88740a6864a9
      size: 15170
    - path: prepare.ipynb
      hash: md5
      md5: 7799bd024dd7a12a66f55ad4f60a2430
      size: 1524
    outs:
    - path: ../../../src/_data/place_data/E07000165/place_data.csv
      hash: md5
      md5: 154d68488432dd13e18f311c1d7d4d33
      size: 115
  prepare-place@E08000034:
    cmd: python prepare.py E08000034
    deps:
    - path: ../../../data/interim/place_data.parquet
      hash: md5
      md5: ac15c5154234d377594d88740a6864a9
      size: 15170
    - path: prepare.ipynb
      hash: md5
      md5: 7799bd024dd7a12a66f55ad4f60a2430
      size: 1524
    outs:
    - path: ../../../src/_data/place_data/E08000034/place_data.csv
      hash: md5
      md5: db7a2732a220d67efd74cd7f0d61922f
      size: 601
  prepare-place@E08000019:
    cmd: python prepare.py E08000019
    deps:
    - path: ../../../data/interim/place_data.parquet
      hash: md5
      md5: ac15c5154234d377594d88740a6864a9
      size: 15170
    - path: prepare.ipynb
      hash: md5
      md5: 7799bd024dd7a12a66f55ad4f60a2430
      size: 1524
    outs:
    - path: ../../../src/_data/place_data/E08000019/place_data.csv
      hash: md5
      md5: 7cc13bcd84438f1469fad7ee9f30f70c
      size: 706
  generate_places:
    cmd: python generate_params.py
    deps:
    - path: ../../../src/_data/places.json
      hash: md5
      md5: 8db18add0e018afc7e2cb337969371d2
      size: 14367
    - path: generate_params.py
      hash: md5
      md5: a1ca3b11e7bfbcc2f7a9d3b7687a7b0d
      size: 272
    outs:
    - path: params.yaml
      hash: md5
      md5: 953655179e8bca29a4edd159104161f2
      size: 1100
      isexec: true
  transform:
    cmd: papermill transform.ipynb output/transform.ipynb
    deps:
    - path: ../../../data/clif/clif_REL.csv
      hash: md5
      md5: 5f170525de60d7e2e144497b42a9ce7e
      size: 5129408
    - path: ../../../data/council-tax-support/council-tax-support.csv
      hash: md5
      md5: 54d688e22c6c85634b7d800c443e246f
      size: 1484585
    - path: ../../../data/geo/geography_tree.csv
      hash: md5
      md5: e3ba05db1332445b12cf9dc324bba92e
      size: 58087
    - path: ../../../data/population-estimates/population-estimates.csv
      hash: md5
      md5: 1ca9a4cd3dec1d4fd0f2388fb2dfc9ed
      size: 671677
    - path: transform.ipynb
      hash: md5
      md5: 20e4fe4fe1b1a13ca0206fa100c0343c
      size: 2911
    outs:
    - path: ../../../data/interim/place_data.parquet
      hash: md5
      md5: ac15c5154234d377594d88740a6864a9
      size: 15170
