schema: '2.0'
stages:
  prepare-place:
    cmd: "papermill prepare.ipynb output/E12000003.ipynb -p geography_code E12000003\n"
    deps:
    - path: prepare.ipynb
      hash: md5
      md5: 0e79e2ddf3393dbea5b91d0d2e7950f8
      size: 3287
    params:
      params.yaml:
        geography_code: E12000003
