schema: '2.0'
stages:
  prepare-place@E10000017:
    cmd: python prepare.py E10000017
    deps:
    - path: prepare.ipynb
      hash: md5
      md5: 0ad3182d76bae61ba587253b14ffcf07
      size: 3342
    outs:
    - path: ../../../src/_data/place_data/E10000017/place_data.csv
      hash: md5
      md5: e63539bfeb0db3e8db96addeffc5acb2
      size: 571
      isexec: true
  prepare-place@E07000028:
    cmd: python prepare.py E07000028
    deps:
    - path: prepare.ipynb
      hash: md5
      md5: 0ad3182d76bae61ba587253b14ffcf07
      size: 3342
    outs:
    - path: ../../../src/_data/place_data/E07000028/place_data.csv
      hash: md5
      md5: 875d643a466dfb3295a543545b537f49
      size: 115
      isexec: true
  prepare-place@E11000002:
    cmd: python prepare.py E11000002
    deps:
    - path: prepare.ipynb
      hash: md5
      md5: 0ad3182d76bae61ba587253b14ffcf07
      size: 3342
    outs:
    - path: ../../../src/_data/place_data/E11000002/place_data.csv
      hash: md5
      md5: 29dba0932d9f566743a0a7fec63274cc
      size: 308
      isexec: true
  prepare-place@E07000127:
    cmd: python prepare.py E07000127
    deps:
    - path: prepare.ipynb
      hash: md5
      md5: 0ad3182d76bae61ba587253b14ffcf07
      size: 3342
    outs:
    - path: ../../../src/_data/place_data/E07000127/place_data.csv
      hash: md5
      md5: 9241ab7f1ecb47b95f59385cdb74518d
      size: 115
      isexec: true
  prepare-place@E12000002:
    cmd: python prepare.py E12000002
    deps:
    - path: prepare.ipynb
      hash: md5
      md5: 0ad3182d76bae61ba587253b14ffcf07
      size: 3342
    outs:
    - path: ../../../src/_data/place_data/E12000002/place_data.csv
      hash: md5
      md5: 68879ce4aaddf2c55c87a80ba18c723c
      size: 1789
      isexec: true
  prepare-place@E08000037:
    cmd: python prepare.py E08000037
    deps:
    - path: prepare.ipynb
      hash: md5
      md5: 0ad3182d76bae61ba587253b14ffcf07
      size: 3342
    outs:
    - path: ../../../src/_data/place_data/E08000037/place_data.csv
      hash: md5
      md5: b1dc36fc0d7f725a75266cccbbb8dc63
      size: 117
      isexec: true
  prepare-place@E06000006:
    cmd: python prepare.py E06000006
    deps:
    - path: prepare.ipynb
      hash: md5
      md5: 0ad3182d76bae61ba587253b14ffcf07
      size: 3342
    outs:
    - path: ../../../src/_data/place_data/E06000006/place_data.csv
      hash: md5
      md5: 3dc96ce8ca87b5027a680e54bead5c38
      size: 115
      isexec: true
  prepare-place@E07000125:
    cmd: python prepare.py E07000125
    deps:
    - path: prepare.ipynb
      hash: md5
      md5: 0ad3182d76bae61ba587253b14ffcf07
      size: 3342
    outs:
    - path: ../../../src/_data/place_data/E07000125/place_data.csv
      hash: md5
      md5: 8e94c58da0bcf3b3ca2c1e98a7212d36
      size: 114
      isexec: true
  prepare-place@E08000035:
    cmd: python prepare.py E08000035
    deps:
    - path: prepare.ipynb
      hash: md5
      md5: 0ad3182d76bae61ba587253b14ffcf07
      size: 3342
    outs:
    - path: ../../../src/_data/place_data/E08000035/place_data.csv
      hash: md5
      md5: 2f49d4e3f3c4f340916cb41202b0e227
      size: 118
      isexec: true
  prepare-place@E47000004:
    cmd: python prepare.py E47000004
    deps:
    - path: prepare.ipynb
      hash: md5
      md5: 0ad3182d76bae61ba587253b14ffcf07
      size: 3342
    outs:
    - path: ../../../src/_data/place_data/E47000004/place_data.csv
      hash: md5
      md5: 68a534556ebe04400030a2f05885ebb4
      size: 348
      isexec: true
  prepare-place@E06000009:
    cmd: python prepare.py E06000009
    deps:
    - path: prepare.ipynb
      hash: md5
      md5: 0ad3182d76bae61ba587253b14ffcf07
      size: 3342
    outs:
    - path: ../../../src/_data/place_data/E06000009/place_data.csv
      hash: md5
      md5: 2b84b6be5ae63dc30b583902465d7c51
      size: 116
      isexec: true
  prepare-place@E08000011:
    cmd: python prepare.py E08000011
    deps:
    - path: prepare.ipynb
      hash: md5
      md5: 0ad3182d76bae61ba587253b14ffcf07
      size: 3342
    outs:
    - path: ../../../src/_data/place_data/E08000011/place_data.csv
      hash: md5
      md5: 9ea814fc6f5e6b6ac0718dab58f8e95b
      size: 116
      isexec: true
  prepare-place@E07000031:
    cmd: python prepare.py E07000031
    deps:
    - path: prepare.ipynb
      hash: md5
      md5: 0ad3182d76bae61ba587253b14ffcf07
      size: 3342
    outs:
    - path: ../../../src/_data/place_data/E07000031/place_data.csv
      hash: md5
      md5: 5ee47b42a99fb3349b33b64605f6579d
      size: 115
      isexec: true
  prepare-place@E07000166:
    cmd: python prepare.py E07000166
    deps:
    - path: prepare.ipynb
      hash: md5
      md5: 0ad3182d76bae61ba587253b14ffcf07
      size: 3342
    outs:
    - path: ../../../src/_data/place_data/E07000166/place_data.csv
      hash: md5
      md5: a2981538e09f71eb48821b1317108869
      size: 113
      isexec: true
  prepare-place@E11000007:
    cmd: python prepare.py E11000007
    deps:
    - path: prepare.ipynb
      hash: md5
      md5: 0ad3182d76bae61ba587253b14ffcf07
      size: 3342
    outs:
    - path: ../../../src/_data/place_data/E11000007/place_data.csv
      hash: md5
      md5: 2dfa1349773b15a0db75cfe718454e18
      size: 329
      isexec: true
  prepare-place@E08000009:
    cmd: python prepare.py E08000009
    deps:
    - path: prepare.ipynb
      hash: md5
      md5: 0ad3182d76bae61ba587253b14ffcf07
      size: 3342
    outs:
    - path: ../../../src/_data/place_data/E08000009/place_data.csv
      hash: md5
      md5: 79c0cc4c3b42a3ea750589088d2e3609
      size: 115
      isexec: true
  prepare-place@E47000002:
    cmd: python prepare.py E47000002
    deps:
    - path: prepare.ipynb
      hash: md5
      md5: 0ad3182d76bae61ba587253b14ffcf07
      size: 3342
    outs:
    - path: ../../../src/_data/place_data/E47000002/place_data.csv
      hash: md5
      md5: 4d2186d4c61d83e004ed1f5c65f3b0ad
      size: 267
      isexec: true
  prepare-place@E07000167:
    cmd: python prepare.py E07000167
    deps:
    - path: prepare.ipynb
      hash: md5
      md5: 0ad3182d76bae61ba587253b14ffcf07
      size: 3342
    outs:
    - path: ../../../src/_data/place_data/E07000167/place_data.csv
      hash: md5
      md5: 3952ef0835fd79ade9f504033bf79b29
      size: 114
      isexec: true
  prepare-place@E08000006:
    cmd: python prepare.py E08000006
    deps:
    - path: prepare.ipynb
      hash: md5
      md5: 0ad3182d76bae61ba587253b14ffcf07
      size: 3342
    outs:
    - path: ../../../src/_data/place_data/E08000006/place_data.csv
      hash: md5
      md5: 20128c66a9cd45a482220cf31a977442
      size: 117
      isexec: true
  prepare-place@E12000001:
    cmd: python prepare.py E12000001
    deps:
    - path: prepare.ipynb
      hash: md5
      md5: 0ad3182d76bae61ba587253b14ffcf07
      size: 3342
    outs:
    - path: ../../../src/_data/place_data/E12000001/place_data.csv
      hash: md5
      md5: 2e8284c2d2a2b29bd09c760da9d24a3c
      size: 678
      isexec: true
  prepare-place@E08000021:
    cmd: python prepare.py E08000021
    deps:
    - path: prepare.ipynb
      hash: md5
      md5: 0ad3182d76bae61ba587253b14ffcf07
      size: 3342
    outs:
    - path: ../../../src/_data/place_data/E08000021/place_data.csv
      hash: md5
      md5: 73dcbf16cbcbf92aeee8fb106fb370fa
      size: 118
      isexec: true
  prepare-place@E06000012:
    cmd: python prepare.py E06000012
    deps:
    - path: prepare.ipynb
      hash: md5
      md5: 0ad3182d76bae61ba587253b14ffcf07
      size: 3342
    outs:
    - path: ../../../src/_data/place_data/E06000012/place_data.csv
      hash: md5
      md5: 44f93c3b7ba3b41cfd3dc0eb63b87ee6
      size: 115
      isexec: true
  prepare-place@E47000003:
    cmd: python prepare.py E47000003
    deps:
    - path: prepare.ipynb
      hash: md5
      md5: 0ad3182d76bae61ba587253b14ffcf07
      size: 3342
    outs:
    - path: ../../../src/_data/place_data/E47000003/place_data.csv
      hash: md5
      md5: 0b407e7f6f09764961f769611f9b0e2a
      size: 312
      isexec: true
  prepare-place@E06000004:
    cmd: python prepare.py E06000004
    deps:
    - path: prepare.ipynb
      hash: md5
      md5: 0ad3182d76bae61ba587253b14ffcf07
      size: 3342
    outs:
    - path: ../../../src/_data/place_data/E06000004/place_data.csv
      hash: md5
      md5: 813fb20bab10964aaf29624948f9a221
      size: 117
      isexec: true
  prepare-place@E06000007:
    cmd: python prepare.py E06000007
    deps:
    - path: prepare.ipynb
      hash: md5
      md5: 0ad3182d76bae61ba587253b14ffcf07
      size: 3342
    outs:
    - path: ../../../src/_data/place_data/E06000007/place_data.csv
      hash: md5
      md5: 97ec5fd27561333d18b0520555ac4c6d
      size: 115
      isexec: true
  prepare-place@E07000026:
    cmd: python prepare.py E07000026
    deps:
    - path: prepare.ipynb
      hash: md5
      md5: 0ad3182d76bae61ba587253b14ffcf07
      size: 3342
    outs:
    - path: ../../../src/_data/place_data/E07000026/place_data.csv
      hash: md5
      md5: d53db7b0d4204fd8bb6703d11245158a
      size: 114
      isexec: true
  prepare-place@E06000057:
    cmd: python prepare.py E06000057
    deps:
    - path: prepare.ipynb
      hash: md5
      md5: 0ad3182d76bae61ba587253b14ffcf07
      size: 3342
    outs:
    - path: ../../../src/_data/place_data/E06000057/place_data.csv
      hash: md5
      md5: 1b6503448602830cdd6ccb7f38090f5b
      size: 117
      isexec: true
  prepare-place@E08000010:
    cmd: python prepare.py E08000010
    deps:
    - path: prepare.ipynb
      hash: md5
      md5: 0ad3182d76bae61ba587253b14ffcf07
      size: 3342
    outs:
    - path: ../../../src/_data/place_data/E08000010/place_data.csv
      hash: md5
      md5: 8a9bfc62da36aa7f0ada0a908f0e6204
      size: 117
      isexec: true
  prepare-place@E47000010:
    cmd: python prepare.py E47000010
    deps:
    - path: prepare.ipynb
      hash: md5
      md5: 0ad3182d76bae61ba587253b14ffcf07
      size: 3342
    outs:
    - path: ../../../src/_data/place_data/E47000010/place_data.csv
      hash: md5
      md5: cf52ce5316869871928a7d5e4bf40e2c
      size: 267
      isexec: true
  prepare-place@E06000050:
    cmd: python prepare.py E06000050
    deps:
    - path: prepare.ipynb
      hash: md5
      md5: 0ad3182d76bae61ba587253b14ffcf07
      size: 3342
    outs:
    - path: ../../../src/_data/place_data/E06000050/place_data.csv
      hash: md5
      md5: 2413fa991b01e840981a7695dbc24d9a
      size: 117
      isexec: true
  prepare-place@E11000006:
    cmd: python prepare.py E11000006
    deps:
    - path: prepare.ipynb
      hash: md5
      md5: 0ad3182d76bae61ba587253b14ffcf07
      size: 3342
    outs:
    - path: ../../../src/_data/place_data/E11000006/place_data.csv
      hash: md5
      md5: 0b407e7f6f09764961f769611f9b0e2a
      size: 312
      isexec: true
  prepare-place@E08000033:
    cmd: python prepare.py E08000033
    deps:
    - path: prepare.ipynb
      hash: md5
      md5: 0ad3182d76bae61ba587253b14ffcf07
      size: 3342
    outs:
    - path: ../../../src/_data/place_data/E08000033/place_data.csv
      hash: md5
      md5: ef5da31384d78d06c09fd6ce62c7a29c
      size: 117
      isexec: true
  prepare-place@E08000022:
    cmd: python prepare.py E08000022
    deps:
    - path: prepare.ipynb
      hash: md5
      md5: 0ad3182d76bae61ba587253b14ffcf07
      size: 3342
    outs:
    - path: ../../../src/_data/place_data/E08000022/place_data.csv
      hash: md5
      md5: 39e2d442a53f93e37deea29260747156
      size: 115
      isexec: true
  prepare-place@E06000011:
    cmd: python prepare.py E06000011
    deps:
    - path: prepare.ipynb
      hash: md5
      md5: 0ad3182d76bae61ba587253b14ffcf07
      size: 3342
    outs:
    - path: ../../../src/_data/place_data/E06000011/place_data.csv
      hash: md5
      md5: 3755c9586e3d13690446b8335d104eb8
      size: 115
      isexec: true
  prepare-place@E10000023:
    cmd: python prepare.py E10000023
    deps:
    - path: prepare.ipynb
      hash: md5
      md5: 0ad3182d76bae61ba587253b14ffcf07
      size: 3342
    outs:
    - path: ../../../src/_data/place_data/E10000023/place_data.csv
      hash: md5
      md5: c35d13fc00aac1ccebcb0413c704727c
      size: 371
      isexec: true
  prepare-place@E06000002:
    cmd: python prepare.py E06000002
    deps:
    - path: prepare.ipynb
      hash: md5
      md5: 0ad3182d76bae61ba587253b14ffcf07
      size: 3342
    outs:
    - path: ../../../src/_data/place_data/E06000002/place_data.csv
      hash: md5
      md5: 57b06c84e78a488be9cee36abf19954d
      size: 117
      isexec: true
  prepare-place@E07000122:
    cmd: python prepare.py E07000122
    deps:
    - path: prepare.ipynb
      hash: md5
      md5: 0ad3182d76bae61ba587253b14ffcf07
      size: 3342
    outs:
    - path: ../../../src/_data/place_data/E07000122/place_data.csv
      hash: md5
      md5: 7c0528cac5918e8ec9c88e3a4a0617e4
      size: 114
      isexec: true
  prepare-place@E12999901:
    cmd: python prepare.py E12999901
    deps:
    - path: prepare.ipynb
      hash: md5
      md5: 0ad3182d76bae61ba587253b14ffcf07
      size: 3342
    outs:
    - path: ../../../src/_data/place_data/E12999901/place_data.csv
      hash: md5
      md5: 2ff62f40e6890454d851f7a1d69c5bed
      size: 3383
      isexec: true
  prepare-place@E06000008:
    cmd: python prepare.py E06000008
    deps:
    - path: prepare.ipynb
      hash: md5
      md5: 0ad3182d76bae61ba587253b14ffcf07
      size: 3342
    outs:
    - path: ../../../src/_data/place_data/E06000008/place_data.csv
      hash: md5
      md5: b8161a35443cb10007b01cfa44a37883
      size: 117
      isexec: true
  prepare-place@E06000001:
    cmd: python prepare.py E06000001
    deps:
    - path: prepare.ipynb
      hash: md5
      md5: 0ad3182d76bae61ba587253b14ffcf07
      size: 3342
    outs:
    - path: ../../../src/_data/place_data/E06000001/place_data.csv
      hash: md5
      md5: b12087ec694721e4ea57c908e795dd5b
      size: 114
      isexec: true
  prepare-place@E08000036:
    cmd: python prepare.py E08000036
    deps:
    - path: prepare.ipynb
      hash: md5
      md5: 0ad3182d76bae61ba587253b14ffcf07
      size: 3342
    outs:
    - path: ../../../src/_data/place_data/E08000036/place_data.csv
      hash: md5
      md5: dbb61b0154ad088096ca21b746f8265a
      size: 118
      isexec: true
  prepare-place@E11000003:
    cmd: python prepare.py E11000003
    deps:
    - path: prepare.ipynb
      hash: md5
      md5: 0ad3182d76bae61ba587253b14ffcf07
      size: 3342
    outs:
    - path: ../../../src/_data/place_data/E11000003/place_data.csv
      hash: md5
      md5: 4d2186d4c61d83e004ed1f5c65f3b0ad
      size: 267
      isexec: true
  prepare-place@E12000003:
    cmd: python prepare.py E12000003
    deps:
    - path: prepare.ipynb
      hash: md5
      md5: 0ad3182d76bae61ba587253b14ffcf07
      size: 3342
    outs:
    - path: ../../../src/_data/place_data/E12000003/place_data.csv
      hash: md5
      md5: 3ca6f2c2bd477d4d6496dca22174edf1
      size: 1042
      isexec: true
  prepare-place@E08000024:
    cmd: python prepare.py E08000024
    deps:
    - path: prepare.ipynb
      hash: md5
      md5: 0ad3182d76bae61ba587253b14ffcf07
      size: 3342
    outs:
    - path: ../../../src/_data/place_data/E08000024/place_data.csv
      hash: md5
      md5: 7bd6bcd3b1e2e08d52d85fd1ca3306dc
      size: 118
      isexec: true
  prepare-place@E06000014:
    cmd: python prepare.py E06000014
    deps:
    - path: prepare.ipynb
      hash: md5
      md5: 0ad3182d76bae61ba587253b14ffcf07
      size: 3342
    outs:
    - path: ../../../src/_data/place_data/E06000014/place_data.csv
      hash: md5
      md5: dd41daf4296d42954a3a4ade7d0c0464
      size: 115
      isexec: true
  prepare-place@E07000163:
    cmd: python prepare.py E07000163
    deps:
    - path: prepare.ipynb
      hash: md5
      md5: 0ad3182d76bae61ba587253b14ffcf07
      size: 3342
    outs:
    - path: ../../../src/_data/place_data/E07000163/place_data.csv
      hash: md5
      md5: 8470bd82ccf77b1213d2846175088e1c
      size: 114
      isexec: true
  prepare-place@E07000128:
    cmd: python prepare.py E07000128
    deps:
    - path: prepare.ipynb
      hash: md5
      md5: 0ad3182d76bae61ba587253b14ffcf07
      size: 3342
    outs:
    - path: ../../../src/_data/place_data/E07000128/place_data.csv
      hash: md5
      md5: 817f3b920be235bb4218870404212edc
      size: 115
      isexec: true
  prepare-place@E07000027:
    cmd: python prepare.py E07000027
    deps:
    - path: prepare.ipynb
      hash: md5
      md5: 0ad3182d76bae61ba587253b14ffcf07
      size: 3342
    outs:
    - path: ../../../src/_data/place_data/E07000027/place_data.csv
      hash: md5
      md5: 9ca2a3f0e43764c7d064b1847072e8c4
      size: 114
      isexec: true
  prepare-place@E07000126:
    cmd: python prepare.py E07000126
    deps:
    - path: prepare.ipynb
      hash: md5
      md5: 0ad3182d76bae61ba587253b14ffcf07
      size: 3342
    outs:
    - path: ../../../src/_data/place_data/E07000126/place_data.csv
      hash: md5
      md5: cbed4d6f3b44d3c5f431099020de685a
      size: 115
      isexec: true
  prepare-place@E07000030:
    cmd: python prepare.py E07000030
    deps:
    - path: prepare.ipynb
      hash: md5
      md5: 0ad3182d76bae61ba587253b14ffcf07
      size: 3342
    outs:
    - path: ../../../src/_data/place_data/E07000030/place_data.csv
      hash: md5
      md5: 5a93d6cb0eba1ddee26c31d5ea74f44f
      size: 114
      isexec: true
  prepare-place@E07000119:
    cmd: python prepare.py E07000119
    deps:
    - path: prepare.ipynb
      hash: md5
      md5: 0ad3182d76bae61ba587253b14ffcf07
      size: 3342
    outs:
    - path: ../../../src/_data/place_data/E07000119/place_data.csv
      hash: md5
      md5: 7caf2d2f805e673eee997d4487c62ffe
      size: 114
      isexec: true
  prepare-place@E07000121:
    cmd: python prepare.py E07000121
    deps:
    - path: prepare.ipynb
      hash: md5
      md5: 0ad3182d76bae61ba587253b14ffcf07
      size: 3342
    outs:
    - path: ../../../src/_data/place_data/E07000121/place_data.csv
      hash: md5
      md5: 2e29025fc110fd89c78f717ca063fa8b
      size: 115
      isexec: true
  prepare-place@E07000124:
    cmd: python prepare.py E07000124
    deps:
    - path: prepare.ipynb
      hash: md5
      md5: 0ad3182d76bae61ba587253b14ffcf07
      size: 3342
    outs:
    - path: ../../../src/_data/place_data/E07000124/place_data.csv
      hash: md5
      md5: d02f68500935bf8c40071546d04733c1
      size: 113
      isexec: true
  prepare-place@E08000017:
    cmd: python prepare.py E08000017
    deps:
    - path: prepare.ipynb
      hash: md5
      md5: 0ad3182d76bae61ba587253b14ffcf07
      size: 3342
    outs:
    - path: ../../../src/_data/place_data/E08000017/place_data.csv
      hash: md5
      md5: c2e9a16b8ba7c7281e45c21f92e17c50
      size: 117
      isexec: true
  prepare-place@E10000006:
    cmd: python prepare.py E10000006
    deps:
    - path: prepare.ipynb
      hash: md5
      md5: 0ad3182d76bae61ba587253b14ffcf07
      size: 3342
    outs:
    - path: ../../../src/_data/place_data/E10000006/place_data.csv
      hash: md5
      md5: 98537ba827ce895219af933d8b7bd28d
      size: 333
      isexec: true
  prepare-place@E06000003:
    cmd: python prepare.py E06000003
    deps:
    - path: prepare.ipynb
      hash: md5
      md5: 0ad3182d76bae61ba587253b14ffcf07
      size: 3342
    outs:
    - path: ../../../src/_data/place_data/E06000003/place_data.csv
      hash: md5
      md5: 33039c8cad3c91cd27c59ffab8117db2
      size: 115
      isexec: true
  prepare-place@E08000002:
    cmd: python prepare.py E08000002
    deps:
    - path: prepare.ipynb
      hash: md5
      md5: 0ad3182d76bae61ba587253b14ffcf07
      size: 3342
    outs:
    - path: ../../../src/_data/place_data/E08000002/place_data.csv
      hash: md5
      md5: e0828950d6e7042bf3a919ea4464a5e6
      size: 116
      isexec: true
  prepare-place@E08000018:
    cmd: python prepare.py E08000018
    deps:
    - path: prepare.ipynb
      hash: md5
      md5: 0ad3182d76bae61ba587253b14ffcf07
      size: 3342
    outs:
    - path: ../../../src/_data/place_data/E08000018/place_data.csv
      hash: md5
      md5: 363e90484fabaaaf21dd2c5955f34f97
      size: 117
      isexec: true
  prepare-place@E08000013:
    cmd: python prepare.py E08000013
    deps:
    - path: prepare.ipynb
      hash: md5
      md5: 0ad3182d76bae61ba587253b14ffcf07
      size: 3342
    outs:
    - path: ../../../src/_data/place_data/E08000013/place_data.csv
      hash: md5
      md5: 6944fabfc495eb70ed84a7bed42c8088
      size: 115
      isexec: true
  prepare-place@E07000168:
    cmd: python prepare.py E07000168
    deps:
    - path: prepare.ipynb
      hash: md5
      md5: 0ad3182d76bae61ba587253b14ffcf07
      size: 3342
    outs:
    - path: ../../../src/_data/place_data/E07000168/place_data.csv
      hash: md5
      md5: 54c644da60e3b7b0c1b5671fbc97fabf
      size: 115
      isexec: true
  prepare-place@E07000029:
    cmd: python prepare.py E07000029
    deps:
    - path: prepare.ipynb
      hash: md5
      md5: 0ad3182d76bae61ba587253b14ffcf07
      size: 3342
    outs:
    - path: ../../../src/_data/place_data/E07000029/place_data.csv
      hash: md5
      md5: e95c6170c2c7cd4359b16375ee5c7fde
      size: 114
      isexec: true
  prepare-place@E07000118:
    cmd: python prepare.py E07000118
    deps:
    - path: prepare.ipynb
      hash: md5
      md5: 0ad3182d76bae61ba587253b14ffcf07
      size: 3342
    outs:
    - path: ../../../src/_data/place_data/E07000118/place_data.csv
      hash: md5
      md5: 3aa4230bbe79f08f9bef9834a5b4e4d8
      size: 115
      isexec: true
  prepare-place@E08000005:
    cmd: python prepare.py E08000005
    deps:
    - path: prepare.ipynb
      hash: md5
      md5: 0ad3182d76bae61ba587253b14ffcf07
      size: 3342
    outs:
    - path: ../../../src/_data/place_data/E08000005/place_data.csv
      hash: md5
      md5: fcd064eedef5e52d530391afdc2353f6
      size: 117
      isexec: true
  prepare-place@E47000001:
    cmd: python prepare.py E47000001
    deps:
    - path: prepare.ipynb
      hash: md5
      md5: 0ad3182d76bae61ba587253b14ffcf07
      size: 3342
    outs:
    - path: ../../../src/_data/place_data/E47000001/place_data.csv
      hash: md5
      md5: 4b5ffbf74e9cfb60f02540e06db0a731
      size: 516
      isexec: true
  prepare-place@E07000117:
    cmd: python prepare.py E07000117
    deps:
    - path: prepare.ipynb
      hash: md5
      md5: 0ad3182d76bae61ba587253b14ffcf07
      size: 3342
    outs:
    - path: ../../../src/_data/place_data/E07000117/place_data.csv
      hash: md5
      md5: 779305a34adc9d5ef0db4acede093dff
      size: 114
      isexec: true
  prepare-place@E07000120:
    cmd: python prepare.py E07000120
    deps:
    - path: prepare.ipynb
      hash: md5
      md5: 0ad3182d76bae61ba587253b14ffcf07
      size: 3342
    outs:
    - path: ../../../src/_data/place_data/E07000120/place_data.csv
      hash: md5
      md5: a9dd8f5c1c59599fbe8dc74d509d6525
      size: 114
      isexec: true
  prepare-place@E11000001:
    cmd: python prepare.py E11000001
    deps:
    - path: prepare.ipynb
      hash: md5
      md5: 0ad3182d76bae61ba587253b14ffcf07
      size: 3342
    outs:
    - path: ../../../src/_data/place_data/E11000001/place_data.csv
      hash: md5
      md5: 4b5ffbf74e9cfb60f02540e06db0a731
      size: 516
      isexec: true
  prepare-place@E08000001:
    cmd: python prepare.py E08000001
    deps:
    - path: prepare.ipynb
      hash: md5
      md5: 0ad3182d76bae61ba587253b14ffcf07
      size: 3342
    outs:
    - path: ../../../src/_data/place_data/E08000001/place_data.csv
      hash: md5
      md5: e1c8c091b9590476811ca9e02f3ee548
      size: 117
      isexec: true
  prepare-place@E47000006:
    cmd: python prepare.py E47000006
    deps:
    - path: prepare.ipynb
      hash: md5
      md5: 0ad3182d76bae61ba587253b14ffcf07
      size: 3342
    outs:
    - path: ../../../src/_data/place_data/E47000006/place_data.csv
      hash: md5
      md5: e2a299bce7c5f45ae69a71927e968625
      size: 300
      isexec: true
  prepare-place@E06000049:
    cmd: python prepare.py E06000049
    deps:
    - path: prepare.ipynb
      hash: md5
      md5: 0ad3182d76bae61ba587253b14ffcf07
      size: 3342
    outs:
    - path: ../../../src/_data/place_data/E06000049/place_data.csv
      hash: md5
      md5: be8fc73aa05d85542be7ccf874bbe19e
      size: 117
      isexec: true
  prepare-place@E06000010:
    cmd: python prepare.py E06000010
    deps:
    - path: prepare.ipynb
      hash: md5
      md5: 0ad3182d76bae61ba587253b14ffcf07
      size: 3342
    outs:
    - path: ../../../src/_data/place_data/E06000010/place_data.csv
      hash: md5
      md5: 4cd246917e75fec8e8e43788d8676a86
      size: 118
      isexec: true
  prepare-place@E06000005:
    cmd: python prepare.py E06000005
    deps:
    - path: prepare.ipynb
      hash: md5
      md5: 0ad3182d76bae61ba587253b14ffcf07
      size: 3342
    outs:
    - path: ../../../src/_data/place_data/E06000005/place_data.csv
      hash: md5
      md5: 211d0ec356741e3a23016a5210ae4c4e
      size: 115
      isexec: true
  prepare-place@E06000047:
    cmd: python prepare.py E06000047
    deps:
    - path: prepare.ipynb
      hash: md5
      md5: 0ad3182d76bae61ba587253b14ffcf07
      size: 3342
    outs:
    - path: ../../../src/_data/place_data/E06000047/place_data.csv
      hash: md5
      md5: 617ffb1e884e3533bf26d2cb786b49d9
      size: 118
      isexec: true
  prepare-place@E08000023:
    cmd: python prepare.py E08000023
    deps:
    - path: prepare.ipynb
      hash: md5
      md5: 0ad3182d76bae61ba587253b14ffcf07
      size: 3342
    outs:
    - path: ../../../src/_data/place_data/E08000023/place_data.csv
      hash: md5
      md5: 47cc88be31c769bd9d2b6dbbecfd1cf5
      size: 116
      isexec: true
  prepare-place@E47000011:
    cmd: python prepare.py E47000011
    deps:
    - path: prepare.ipynb
      hash: md5
      md5: 0ad3182d76bae61ba587253b14ffcf07
      size: 3342
    outs:
    - path: ../../../src/_data/place_data/E47000011/place_data.csv
      hash: md5
      md5: e4cbfb4c67db59da99ed6f21fc854423
      size: 222
      isexec: true
  prepare-place@E07000169:
    cmd: python prepare.py E07000169
    deps:
    - path: prepare.ipynb
      hash: md5
      md5: 0ad3182d76bae61ba587253b14ffcf07
      size: 3342
    outs:
    - path: ../../../src/_data/place_data/E07000169/place_data.csv
      hash: md5
      md5: a09ce0eab2e832bfd7235da0622e5504
      size: 114
      isexec: true
  prepare-place@E06000013:
    cmd: python prepare.py E06000013
    deps:
    - path: prepare.ipynb
      hash: md5
      md5: 0ad3182d76bae61ba587253b14ffcf07
      size: 3342
    outs:
    - path: ../../../src/_data/place_data/E06000013/place_data.csv
      hash: md5
      md5: 0f50726fd26adabaeea70e0bd3ca2919
      size: 115
      isexec: true
  prepare-place@E08000012:
    cmd: python prepare.py E08000012
    deps:
    - path: prepare.ipynb
      hash: md5
      md5: 0ad3182d76bae61ba587253b14ffcf07
      size: 3342
    outs:
    - path: ../../../src/_data/place_data/E08000012/place_data.csv
      hash: md5
      md5: cdd661439292ce82cfd681f20c84a095
      size: 118
      isexec: true
  prepare-place@E08000007:
    cmd: python prepare.py E08000007
    deps:
    - path: prepare.ipynb
      hash: md5
      md5: 0ad3182d76bae61ba587253b14ffcf07
      size: 3342
    outs:
    - path: ../../../src/_data/place_data/E08000007/place_data.csv
      hash: md5
      md5: 55b4aa00f69d9731d49663acb43c4ab5
      size: 117
      isexec: true
  prepare-place@E08000014:
    cmd: python prepare.py E08000014
    deps:
    - path: prepare.ipynb
      hash: md5
      md5: 0ad3182d76bae61ba587253b14ffcf07
      size: 3342
    outs:
    - path: ../../../src/_data/place_data/E08000014/place_data.csv
      hash: md5
      md5: 072d762da32e732678ea4b512712203b
      size: 118
      isexec: true
  prepare-place@E08000015:
    cmd: python prepare.py E08000015
    deps:
    - path: prepare.ipynb
      hash: md5
      md5: 0ad3182d76bae61ba587253b14ffcf07
      size: 3342
    outs:
    - path: ../../../src/_data/place_data/E08000015/place_data.csv
      hash: md5
      md5: 295f35a7ac3aed2f74f4c8e6782ebf23
      size: 118
      isexec: true
  prepare-place@E08000004:
    cmd: python prepare.py E08000004
    deps:
    - path: prepare.ipynb
      hash: md5
      md5: 0ad3182d76bae61ba587253b14ffcf07
      size: 3342
    outs:
    - path: ../../../src/_data/place_data/E08000004/place_data.csv
      hash: md5
      md5: 0efde4e8c246931f7663894e27bbff3e
      size: 117
      isexec: true
  prepare-place@E07000164:
    cmd: python prepare.py E07000164
    deps:
    - path: prepare.ipynb
      hash: md5
      md5: 0ad3182d76bae61ba587253b14ffcf07
      size: 3342
    outs:
    - path: ../../../src/_data/place_data/E07000164/place_data.csv
      hash: md5
      md5: d5e06c06e4e5810678bd13f743bd25cc
      size: 114
      isexec: true
  prepare-place@E08000032:
    cmd: python prepare.py E08000032
    deps:
    - path: prepare.ipynb
      hash: md5
      md5: 0ad3182d76bae61ba587253b14ffcf07
      size: 3342
    outs:
    - path: ../../../src/_data/place_data/E08000032/place_data.csv
      hash: md5
      md5: 08a6eb260a1bf4e2162531d5de8d3699
      size: 118
      isexec: true
  prepare-place@E08000008:
    cmd: python prepare.py E08000008
    deps:
    - path: prepare.ipynb
      hash: md5
      md5: 0ad3182d76bae61ba587253b14ffcf07
      size: 3342
    outs:
    - path: ../../../src/_data/place_data/E08000008/place_data.csv
      hash: md5
      md5: 84379d2f92769aac833736eb6b571f9c
      size: 117
      isexec: true
  prepare-place@E07000123:
    cmd: python prepare.py E07000123
    deps:
    - path: prepare.ipynb
      hash: md5
      md5: 0ad3182d76bae61ba587253b14ffcf07
      size: 3342
    outs:
    - path: ../../../src/_data/place_data/E07000123/place_data.csv
      hash: md5
      md5: b2475c7046af467e1ba161bab5006d58
      size: 115
      isexec: true
  prepare-place@E08000003:
    cmd: python prepare.py E08000003
    deps:
    - path: prepare.ipynb
      hash: md5
      md5: 0ad3182d76bae61ba587253b14ffcf07
      size: 3342
    outs:
    - path: ../../../src/_data/place_data/E08000003/place_data.csv
      hash: md5
      md5: b5b0e2988d00bc3da8323f861cf8cda0
      size: 118
      isexec: true
  prepare-place@E08000016:
    cmd: python prepare.py E08000016
    deps:
    - path: prepare.ipynb
      hash: md5
      md5: 0ad3182d76bae61ba587253b14ffcf07
      size: 3342
    outs:
    - path: ../../../src/_data/place_data/E08000016/place_data.csv
      hash: md5
      md5: b508253560bba551fccfe03bbc80aaca
      size: 117
      isexec: true
  prepare-place@E07000165:
    cmd: python prepare.py E07000165
    deps:
    - path: prepare.ipynb
      hash: md5
      md5: 0ad3182d76bae61ba587253b14ffcf07
      size: 3342
    outs:
    - path: ../../../src/_data/place_data/E07000165/place_data.csv
      hash: md5
      md5: 154d68488432dd13e18f311c1d7d4d33
      size: 115
      isexec: true
  prepare-place@E08000034:
    cmd: python prepare.py E08000034
    deps:
    - path: prepare.ipynb
      hash: md5
      md5: 0ad3182d76bae61ba587253b14ffcf07
      size: 3342
    outs:
    - path: ../../../src/_data/place_data/E08000034/place_data.csv
      hash: md5
      md5: da32157dc3392adc077b31752697ce3a
      size: 118
      isexec: true
  prepare-place@E08000019:
    cmd: python prepare.py E08000019
    deps:
    - path: prepare.ipynb
      hash: md5
      md5: 0ad3182d76bae61ba587253b14ffcf07
      size: 3342
    outs:
    - path: ../../../src/_data/place_data/E08000019/place_data.csv
      hash: md5
      md5: 4e84aa06361296b09498533194d3621f
      size: 118
      isexec: true
  generate_places:
    cmd: python generate_params.py
    deps:
    - path: ../../../src/_data/places.json
      hash: md5
      md5: 8db18add0e018afc7e2cb337969371d2
      size: 14367
    - path: generate_params.py
      hash: md5
      md5: a1ca3b11e7bfbcc2f7a9d3b7687a7b0d
      size: 272
    outs:
    - path: params.yaml
      hash: md5
      md5: 953655179e8bca29a4edd159104161f2
      size: 1100
      isexec: true
