schema: '2.0'
stages:
  labour-market:
    cmd: Rscript R/labour-market.R
    deps:
    - path: R/labour-market.R
      hash: md5
      md5: ab2d6aee2d48ce52c82f7c93586661ce
      size: 1028
    outs:
    - path: data/labour-market/labour-market.csv
      hash: md5
      md5: 1ca0a68f97f69d55a3c9400744633bed
      size: 1346432
  claimant-count:
    cmd: Rscript R/claimant-count.R
    deps:
    - path: R/claimant-count.R
      hash: md5
      md5: c528f2cff74d8d897122d16ebf2afcfa
      size: 2677
    outs:
    - path: data/claimant-count/claimant-count.csv
      hash: md5
      md5: 23edc1ea16f9c1ffd16b7ad15f83768b
      size: 237479
  rental-prices:
    cmd: Rscript R/rental-prices.R
    deps:
    - path: R/rental-prices.R
      hash: md5
      md5: 39489a1e14bf3b15217a05e913f2aaa0
      size: 1823
    outs:
    - path: data/rental-prices/rental-prices.csv
      hash: md5
      md5: 5a679e3745572515b5f57fc6f12bb308
      size: 874413
  council-tax-support:
    cmd: Rscript R/local-council-tax-support.R
    deps:
    - path: R/local-council-tax-support.R
      hash: md5
      md5: e376377d315bfebf269f3ad4bd51c69c
      size: 1676
    outs:
    - path: data/council-tax-support/council-tax-support.csv
      hash: md5
      md5: 54d688e22c6c85634b7d800c443e246f
      size: 1484585
  ashe:
    cmd: Rscript R/ashe.R
    deps:
    - path: R/ashe.R
      hash: md5
      md5: 6c121f52c15743ba302285019adb93b0
      size: 1511
    outs:
    - path: data/ashe/weekly-earnings.csv
      hash: md5
      md5: 55a760de14f3c5b7a6cd890bc6483474
      size: 17282
  ctsop-households:
    cmd: Rscript R/ctsop-households.R
    deps:
    - path: R/ctsop-households.R
      hash: md5
      md5: 7838fece89c88727f05ef884d765cf04
      size: 3512
    outs:
    - path: data/households/households.csv
      hash: md5
      md5: ebfeac8ca74b5608a702a3e1925f89d4
      size: 324391
  fuel-poverty:
    cmd: Rscript R/fuel-poverty.R
    deps:
    - path: R/fuel-poverty.R
      hash: md5
      md5: b9aeba4e97c45fbb1f86c92965b3d7fa
      size: 2725
    outs:
    - path: data/fuel-poverty/fuel-poverty.csv
      hash: md5
      md5: 7eeb6915151867c0f46baeb79912b778
      size: 300427
  gva:
    cmd: Rscript R/gva.R
    deps:
    - path: R/gva.R
      hash: md5
      md5: 561a6edf4d2269a79d8a4cb19e42e81a
      size: 4073
    outs:
    - path: data/gva/gva.csv
      hash: md5
      md5: 111029596fe3285a379aa4d3568e519a
      size: 7707980
  house-prices:
    cmd: Rscript R/house-prices.R
    deps:
    - path: R/house-prices.R
      hash: md5
      md5: 296cd76ee364b7a2c11e32f05353d6e5
      size: 1594
    outs:
    - path: data/house-prices/house-prices.csv
      hash: md5
      md5: 4ec0ae20275c60094ed2a496182f6abd
      size: 8635629
  imd:
    cmd: Rscript R/imd.R
    deps:
    - path: R/imd.R
      hash: md5
      md5: c076c790bd3b7ccfea2699ae3c107e35
      size: 2541
    outs:
    - path: data/imd/imd.csv
      hash: md5
      md5: da460196ea9d054bde3021e42c8cdb49
      size: 49255
  population-estimates:
    cmd: Rscript R/population-estimates.R
    deps:
    - path: R/population-estimates.R
      hash: md5
      md5: 40ce8e1008677ec2a5676c6a7cfe2cbb
      size: 25982
    outs:
    - path: data/population-estimates/population-estimates.csv
      hash: md5
      md5: 7dd72902748ccb3cbd21d145df1fa2e9
      size: 11866279
  statutory-homelessness:
    cmd: Rscript R/statutory-homelessness.R
    deps:
    - path: R/statutory-homelessness.R
      hash: md5
      md5: 50706bf72b99ed4d4ea6d11cd7d9e4d7
      size: 1632
    outs:
    - path: data/statutory-homelessness/statutory-homelessness.csv
      hash: md5
      md5: 8b5fd3cf22484250bff90b3eb7187947
      size: 23926
